// !$*UTF8*$!
{
	archiveVersion = 1;
	classes = {
	};
	objectVersion = 56;
	objects = {

/* Begin PBXBuildFile section */
		3C0AE78A2CF37A43004074DB /* ProfileView.swift in Sources */ = {isa = PBXBuildFile; fileRef = 3C0AE7892CF37A43004074DB /* ProfileView.swift */; };
		3C0AE78C2CF37A78004074DB /* RangeSlider.swift in Sources */ = {isa = PBXBuildFile; fileRef = 3C0AE78B2CF37A78004074DB /* RangeSlider.swift */; };
		3C0AE78E2CF37B00004074DB /* ProfileRow.swift in Sources */ = {isa = PBXBuildFile; fileRef = 3C0AE78D2CF37B00004074DB /* ProfileRow.swift */; };
		3C0AE7902CF37B2A004074DB /* SectionView.swift in Sources */ = {isa = PBXBuildFile; fileRef = 3C0AE78F2CF37B2A004074DB /* SectionView.swift */; };
		3C0AE7922CF37CAE004074DB /* ChatView.swift in Sources */ = {isa = PBXBuildFile; fileRef = 3C0AE7912CF37CAE004074DB /* ChatView.swift */; };
		3C0AE7942CF37E2F004074DB /* ChatDetailView.swift in Sources */ = {isa = PBXBuildFile; fileRef = 3C0AE7932CF37E2F004074DB /* ChatDetailView.swift */; };
		3C0AE7962CF380B6004074DB /* ChatListViewModel.swift in Sources */ = {isa = PBXBuildFile; fileRef = 3C0AE7952CF380B6004074DB /* ChatListViewModel.swift */; };
		3C0AE7982CF380DA004074DB /* ChatDetailViewModel.swift in Sources */ = {isa = PBXBuildFile; fileRef = 3C0AE7972CF380DA004074DB /* ChatDetailViewModel.swift */; };
		3C0AE79A2CF49C7D004074DB /* MainView.swift in Sources */ = {isa = PBXBuildFile; fileRef = 3C0AE7992CF49C7D004074DB /* MainView.swift */; };
		3C0AE79C2CF4A598004074DB /* MainViewModel.swift in Sources */ = {isa = PBXBuildFile; fileRef = 3C0AE79B2CF4A598004074DB /* MainViewModel.swift */; };
		3C0FECE92D22D3CA003166C0 /* SignUpIntroductionView.swift in Sources */ = {isa = PBXBuildFile; fileRef = 3C0FECE82D22D3CA003166C0 /* SignUpIntroductionView.swift */; };
		3C169B5E2CB2C51300933AFE /* SignUpGenderViewController.swift in Sources */ = {isa = PBXBuildFile; fileRef = 3C169B5D2CB2C51300933AFE /* SignUpGenderViewController.swift */; };
		3C169B602CB2C7FD00933AFE /* SignUpDistanceViewController.swift in Sources */ = {isa = PBXBuildFile; fileRef = 3C169B5F2CB2C7FD00933AFE /* SignUpDistanceViewController.swift */; };
		3C169B632CB2CA5F00933AFE /* SignUpProfileViewController.swift in Sources */ = {isa = PBXBuildFile; fileRef = 3C169B612CB2CA5F00933AFE /* SignUpProfileViewController.swift */; };
		3C169B672CB2CE8300933AFE /* SignUpProfileTableViewCell.swift in Sources */ = {isa = PBXBuildFile; fileRef = 3C169B652CB2CE8300933AFE /* SignUpProfileTableViewCell.swift */; };
		3C169B682CB2CE8300933AFE /* SignUpProfileTableViewCell.xib in Resources */ = {isa = PBXBuildFile; fileRef = 3C169B662CB2CE8300933AFE /* SignUpProfileTableViewCell.xib */; };
		3C2C29622C9B281000E03830 /* AppDelegate.swift in Sources */ = {isa = PBXBuildFile; fileRef = 3C2C29612C9B281000E03830 /* AppDelegate.swift */; };
		3C2C29642C9B281000E03830 /* SceneDelegate.swift in Sources */ = {isa = PBXBuildFile; fileRef = 3C2C29632C9B281000E03830 /* SceneDelegate.swift */; };
		3C2C29662C9B281000E03830 /* ViewController.swift in Sources */ = {isa = PBXBuildFile; fileRef = 3C2C29652C9B281000E03830 /* ViewController.swift */; };
		3C2C29692C9B281000E03830 /* Main.storyboard in Resources */ = {isa = PBXBuildFile; fileRef = 3C2C29672C9B281000E03830 /* Main.storyboard */; };
		3C2C296B2C9B281200E03830 /* Assets.xcassets in Resources */ = {isa = PBXBuildFile; fileRef = 3C2C296A2C9B281200E03830 /* Assets.xcassets */; };
		3C2C296E2C9B281200E03830 /* LaunchScreen.storyboard in Resources */ = {isa = PBXBuildFile; fileRef = 3C2C296C2C9B281200E03830 /* LaunchScreen.storyboard */; };
		3C2C29792C9B281200E03830 /* jumsoTests.swift in Sources */ = {isa = PBXBuildFile; fileRef = 3C2C29782C9B281200E03830 /* jumsoTests.swift */; };
		3C2C29832C9B281200E03830 /* jumsoUITests.swift in Sources */ = {isa = PBXBuildFile; fileRef = 3C2C29822C9B281200E03830 /* jumsoUITests.swift */; };
		3C2C29852C9B281200E03830 /* jumsoUITestsLaunchTests.swift in Sources */ = {isa = PBXBuildFile; fileRef = 3C2C29842C9B281200E03830 /* jumsoUITestsLaunchTests.swift */; };
		3C2C938F2D2BC14900E0F2EB /* LoginResponse.swift in Sources */ = {isa = PBXBuildFile; fileRef = 3C2C938E2D2BC14900E0F2EB /* LoginResponse.swift */; };
		3C2C93912D2BC26F00E0F2EB /* LoginRequest.swift in Sources */ = {isa = PBXBuildFile; fileRef = 3C2C93902D2BC26F00E0F2EB /* LoginRequest.swift */; };
		3C2C93932D2BC7C000E0F2EB /* AFEventLogger.swift in Sources */ = {isa = PBXBuildFile; fileRef = 3C2C93922D2BC7C000E0F2EB /* AFEventLogger.swift */; };
		3C2C93952D3002DF00E0F2EB /* RegisterViewModel.swift in Sources */ = {isa = PBXBuildFile; fileRef = 3C2C93942D3002DF00E0F2EB /* RegisterViewModel.swift */; };
		3C3BE7022CEE1B8300695D7C /* MainTabBarController.swift in Sources */ = {isa = PBXBuildFile; fileRef = 3C3BE7012CEE1B8300695D7C /* MainTabBarController.swift */; };
		3C3BE7042CEE21AE00695D7C /* HomeViewController.swift in Sources */ = {isa = PBXBuildFile; fileRef = 3C3BE7032CEE21AE00695D7C /* HomeViewController.swift */; };
		3C3BE7062CEE21C100695D7C /* ChatViewController.swift in Sources */ = {isa = PBXBuildFile; fileRef = 3C3BE7052CEE21C100695D7C /* ChatViewController.swift */; };
		3C3BE7082CEE21C900695D7C /* ProfileViewController.swift in Sources */ = {isa = PBXBuildFile; fileRef = 3C3BE7072CEE21C900695D7C /* ProfileViewController.swift */; };
		3C3BE70A2CEE21EC00695D7C /* LoungeViewController.swift in Sources */ = {isa = PBXBuildFile; fileRef = 3C3BE7092CEE21EC00695D7C /* LoungeViewController.swift */; };
		3C3BE7112CEE2D3000695D7C /* KeychainManager.swift in Sources */ = {isa = PBXBuildFile; fileRef = 3C3BE7102CEE2D3000695D7C /* KeychainManager.swift */; };
		3C5401F62CBB9D2500C95EB8 /* SignUpProfileInputTableViewCell.swift in Sources */ = {isa = PBXBuildFile; fileRef = 3C5401F42CBB9D2500C95EB8 /* SignUpProfileInputTableViewCell.swift */; };
		3C5401F72CBB9D2500C95EB8 /* SignUpProfileInputTableViewCell.xib in Resources */ = {isa = PBXBuildFile; fileRef = 3C5401F52CBB9D2500C95EB8 /* SignUpProfileInputTableViewCell.xib */; };
		3C5401FB2CBBA89500C95EB8 /* SignUpLocationViewController.swift in Sources */ = {isa = PBXBuildFile; fileRef = 3C5401FA2CBBA89500C95EB8 /* SignUpLocationViewController.swift */; };
		3C5401FD2CBBDB6E00C95EB8 /* SignUpIntroductionViewController.swift in Sources */ = {isa = PBXBuildFile; fileRef = 3C5401FC2CBBDB6E00C95EB8 /* SignUpIntroductionViewController.swift */; };
		3C5402002CBBDF4200C95EB8 /* SignUpSliderTableViewCell.swift in Sources */ = {isa = PBXBuildFile; fileRef = 3C5401FE2CBBDF4200C95EB8 /* SignUpSliderTableViewCell.swift */; };
		3C5402012CBBDF4200C95EB8 /* SignUpSliderTableViewCell.xib in Resources */ = {isa = PBXBuildFile; fileRef = 3C5401FF2CBBDF4200C95EB8 /* SignUpSliderTableViewCell.xib */; };
		3C5402032CBBE26D00C95EB8 /* SignUpPreferenceViewController.swift in Sources */ = {isa = PBXBuildFile; fileRef = 3C5402022CBBE26D00C95EB8 /* SignUpPreferenceViewController.swift */; };
		3C5402062CBBED3300C95EB8 /* SignUpSelectTableViewCell.swift in Sources */ = {isa = PBXBuildFile; fileRef = 3C5402042CBBED3300C95EB8 /* SignUpSelectTableViewCell.swift */; };
		3C5402072CBBED3300C95EB8 /* SignUpSelectTableViewCell.xib in Resources */ = {isa = PBXBuildFile; fileRef = 3C5402052CBBED3300C95EB8 /* SignUpSelectTableViewCell.xib */; };
		3C5402092CBBF0AE00C95EB8 /* SignUpPropertyselectionViewController.swift in Sources */ = {isa = PBXBuildFile; fileRef = 3C5402082CBBF0AE00C95EB8 /* SignUpPropertyselectionViewController.swift */; };
		3C54020B2CBBF15D00C95EB8 /* SignUpCompanySelectionViewController.swift in Sources */ = {isa = PBXBuildFile; fileRef = 3C54020A2CBBF15D00C95EB8 /* SignUpCompanySelectionViewController.swift */; };
		3C54020D2CC5246400C95EB8 /* SignUpBaseViewController.swift in Sources */ = {isa = PBXBuildFile; fileRef = 3C54020C2CC5246400C95EB8 /* SignUpBaseViewController.swift */; };
		3C5402162CC53A0C00C95EB8 /* SignUpAppearance.swift in Sources */ = {isa = PBXBuildFile; fileRef = 3C5402152CC53A0C00C95EB8 /* SignUpAppearance.swift */; };
		3C5402192CC53BA300C95EB8 /* SignUpKeyboardManager.swift in Sources */ = {isa = PBXBuildFile; fileRef = 3C5402182CC53BA300C95EB8 /* SignUpKeyboardManager.swift */; };
		3C54021B2CC53E6C00C95EB8 /* UIViewController+KeyboardHandling.swift in Sources */ = {isa = PBXBuildFile; fileRef = 3C54021A2CC53E6C00C95EB8 /* UIViewController+KeyboardHandling.swift */; };
		3C5F94BD2CA9953300E477DD /* AuthenticationCodeViewController.swift in Sources */ = {isa = PBXBuildFile; fileRef = 3C5F94BC2CA9953300E477DD /* AuthenticationCodeViewController.swift */; };
		3C5F94BF2CA99B1C00E477DD /* SignUpPasswordViewController.swift in Sources */ = {isa = PBXBuildFile; fileRef = 3C5F94BE2CA99B1C00E477DD /* SignUpPasswordViewController.swift */; };
		3C5F94C12CA99CB400E477DD /* SignUpNameViewController.swift in Sources */ = {isa = PBXBuildFile; fileRef = 3C5F94C02CA99CB400E477DD /* SignUpNameViewController.swift */; };
		3C5F94C32CA9A2A400E477DD /* SignUpBirthDayViewController.swift in Sources */ = {isa = PBXBuildFile; fileRef = 3C5F94C22CA9A2A400E477DD /* SignUpBirthDayViewController.swift */; };
		3C87AE5C2CF603A6006AAA74 /* DetailedProfileView.swift in Sources */ = {isa = PBXBuildFile; fileRef = 3C87AE5B2CF603A6006AAA74 /* DetailedProfileView.swift */; };
		3C87AE602CFDE3AC006AAA74 /* DetailedProfileViewModel.swift in Sources */ = {isa = PBXBuildFile; fileRef = 3C87AE5F2CFDE3AC006AAA74 /* DetailedProfileViewModel.swift */; };
		3C87AE622D01BCAF006AAA74 /* AuthViewModel.swift in Sources */ = {isa = PBXBuildFile; fileRef = 3C87AE612D01BCAF006AAA74 /* AuthViewModel.swift */; };
		3C87AE642D01BD18006AAA74 /* JumsoApp.swift in Sources */ = {isa = PBXBuildFile; fileRef = 3C87AE632D01BD18006AAA74 /* JumsoApp.swift */; };
		3C87AE662D01C452006AAA74 /* UIApplication+Extensions.swift in Sources */ = {isa = PBXBuildFile; fileRef = 3C87AE652D01C452006AAA74 /* UIApplication+Extensions.swift */; };
		3C87AE682D01C9EE006AAA74 /* MockData.swift in Sources */ = {isa = PBXBuildFile; fileRef = 3C87AE672D01C9EE006AAA74 /* MockData.swift */; };
		3C87AE6A2D01D35A006AAA74 /* LoungeView.swift in Sources */ = {isa = PBXBuildFile; fileRef = 3C87AE692D01D35A006AAA74 /* LoungeView.swift */; };
		3C87AE6C2D05E02C006AAA74 /* SignUpRegisterView.swift in Sources */ = {isa = PBXBuildFile; fileRef = 3C87AE6B2D05E02C006AAA74 /* SignUpRegisterView.swift */; };
		3C87AE6E2D05E1B3006AAA74 /* SignUpCompanySelectionView.swift in Sources */ = {isa = PBXBuildFile; fileRef = 3C87AE6D2D05E1B3006AAA74 /* SignUpCompanySelectionView.swift */; };
		3C87AE702D05E69D006AAA74 /* SignUpEmailAuthenticationView.swift in Sources */ = {isa = PBXBuildFile; fileRef = 3C87AE6F2D05E69D006AAA74 /* SignUpEmailAuthenticationView.swift */; };
		3C87AE722D0719DA006AAA74 /* SignUpAuthenticationCodeView.swift in Sources */ = {isa = PBXBuildFile; fileRef = 3C87AE712D0719DA006AAA74 /* SignUpAuthenticationCodeView.swift */; };
		3C87AE772D117441006AAA74 /* SignUpReusableButton.swift in Sources */ = {isa = PBXBuildFile; fileRef = 3C87AE762D117441006AAA74 /* SignUpReusableButton.swift */; };
		3C87AE792D117488006AAA74 /* KeyboardManager.swift in Sources */ = {isa = PBXBuildFile; fileRef = 3C87AE782D117488006AAA74 /* KeyboardManager.swift */; };
		3C87AE7B2D118796006AAA74 /* SignUpPasswordView.swift in Sources */ = {isa = PBXBuildFile; fileRef = 3C87AE7A2D118796006AAA74 /* SignUpPasswordView.swift */; };
		3C87AE7D2D119F7C006AAA74 /* RelativeButtonPositionModifier.swift in Sources */ = {isa = PBXBuildFile; fileRef = 3C87AE7C2D119F7C006AAA74 /* RelativeButtonPositionModifier.swift */; };
		3C87AE7F2D11A7F2006AAA74 /* SignUpNameView.swift in Sources */ = {isa = PBXBuildFile; fileRef = 3C87AE7E2D11A7F2006AAA74 /* SignUpNameView.swift */; };
		3C87AE812D11AC3D006AAA74 /* SignUpBirthDayView.swift in Sources */ = {isa = PBXBuildFile; fileRef = 3C87AE802D11AC3D006AAA74 /* SignUpBirthDayView.swift */; };
		3C87AE832D11B3D9006AAA74 /* SignUpDebugLog.swift in Sources */ = {isa = PBXBuildFile; fileRef = 3C87AE822D11B3D9006AAA74 /* SignUpDebugLog.swift */; };
		3C87AE852D181486006AAA74 /* SignUpGenderView.swift in Sources */ = {isa = PBXBuildFile; fileRef = 3C87AE842D181486006AAA74 /* SignUpGenderView.swift */; };
		3C87AE872D181CBC006AAA74 /* SignUpProfileView.swift in Sources */ = {isa = PBXBuildFile; fileRef = 3C87AE862D181CBC006AAA74 /* SignUpProfileView.swift */; };
		3C87AE892D1C3EA7006AAA74 /* SignUpLocationView.swift in Sources */ = {isa = PBXBuildFile; fileRef = 3C87AE882D1C3EA7006AAA74 /* SignUpLocationView.swift */; };
		3C87AE8B2D1C3FF3006AAA74 /* SignUpHeaderView.swift in Sources */ = {isa = PBXBuildFile; fileRef = 3C87AE8A2D1C3FF3006AAA74 /* SignUpHeaderView.swift */; };
		3C87AE8D2D1C402C006AAA74 /* ProfileSection.swift in Sources */ = {isa = PBXBuildFile; fileRef = 3C87AE8C2D1C402C006AAA74 /* ProfileSection.swift */; };
		3C87AE8F2D1C404A006AAA74 /* RoundedCorner.swift in Sources */ = {isa = PBXBuildFile; fileRef = 3C87AE8E2D1C404A006AAA74 /* RoundedCorner.swift */; };
		3C87AE912D1C474E006AAA74 /* LocationManager.swift in Sources */ = {isa = PBXBuildFile; fileRef = 3C87AE902D1C474E006AAA74 /* LocationManager.swift */; };
		3C87AE932D1C4EAD006AAA74 /* SignUpDistanceView.swift in Sources */ = {isa = PBXBuildFile; fileRef = 3C87AE922D1C4EAD006AAA74 /* SignUpDistanceView.swift */; };
		3C87AE952D1C520C006AAA74 /* SignUpPreferenceView.swift in Sources */ = {isa = PBXBuildFile; fileRef = 3C87AE942D1C520C006AAA74 /* SignUpPreferenceView.swift */; };
		3CC4A1202CAEABD100E92D4E /* CompanyModel.swift in Sources */ = {isa = PBXBuildFile; fileRef = 3CC4A11F2CAEABD100E92D4E /* CompanyModel.swift */; };
		3CC4A1222CAEAD0A00E92D4E /* companyMock.json in Resources */ = {isa = PBXBuildFile; fileRef = 3CC4A1212CAEAD0A00E92D4E /* companyMock.json */; };
		3CC4A12E2CAEC88A00E92D4E /* SelectCompanyViewModel.swift in Sources */ = {isa = PBXBuildFile; fileRef = 3CC4A12D2CAEC88A00E92D4E /* SelectCompanyViewModel.swift */; };
		3CC4A1302CAECB2200E92D4E /* FindCompanyViewModel.swift in Sources */ = {isa = PBXBuildFile; fileRef = 3CC4A12F2CAECB2200E92D4E /* FindCompanyViewModel.swift */; };
		3CD83F432CA03A010028BDC3 /* LoginViewController.swift in Sources */ = {isa = PBXBuildFile; fileRef = 3CD83F422CA03A010028BDC3 /* LoginViewController.swift */; };
		3CD83F452CA03EFB0028BDC3 /* RegisterViewController.swift in Sources */ = {isa = PBXBuildFile; fileRef = 3CD83F442CA03EFB0028BDC3 /* RegisterViewController.swift */; };
		3CD83F482CA18AF50028BDC3 /* CompaniesCell.swift in Sources */ = {isa = PBXBuildFile; fileRef = 3CD83F462CA18AF50028BDC3 /* CompaniesCell.swift */; };
		3CD83F492CA18AF50028BDC3 /* CompaniesCell.xib in Resources */ = {isa = PBXBuildFile; fileRef = 3CD83F472CA18AF50028BDC3 /* CompaniesCell.xib */; };
		3CD83F4C2CA86A4A0028BDC3 /* ProfileCell.swift in Sources */ = {isa = PBXBuildFile; fileRef = 3CD83F4A2CA86A4A0028BDC3 /* ProfileCell.swift */; };
		3CD83F4D2CA86A4A0028BDC3 /* ProfileCell.xib in Resources */ = {isa = PBXBuildFile; fileRef = 3CD83F4B2CA86A4A0028BDC3 /* ProfileCell.xib */; };
		3CD83F512CA871F20028BDC3 /* EmailAuthenticationViewController.swift in Sources */ = {isa = PBXBuildFile; fileRef = 3CD83F502CA871F20028BDC3 /* EmailAuthenticationViewController.swift */; };
		3CD83F532CA874A10028BDC3 /* SignUp.storyboard in Resources */ = {isa = PBXBuildFile; fileRef = 3CD83F522CA874A10028BDC3 /* SignUp.storyboard */; };
		98B3CD58337DAEE63CE62220 /* Pods_jumsoUITests.framework in Frameworks */ = {isa = PBXBuildFile; fileRef = 87EC11961E63F613004D3AF2 /* Pods_jumsoUITests.framework */; };
		9DF60B422414B341BF150864 /* Pods_jumsoTests.framework in Frameworks */ = {isa = PBXBuildFile; fileRef = 23C8672A27E85C5380922274 /* Pods_jumsoTests.framework */; };
		B6F3B30039866EDAF65A2E1C /* Pods_jumso.framework in Frameworks */ = {isa = PBXBuildFile; fileRef = CC58898D82F96984F4D249B8 /* Pods_jumso.framework */; };
/* End PBXBuildFile section */

/* Begin PBXContainerItemProxy section */
		3C2C29752C9B281200E03830 /* PBXContainerItemProxy */ = {
			isa = PBXContainerItemProxy;
			containerPortal = 3C2C29562C9B281000E03830 /* Project object */;
			proxyType = 1;
			remoteGlobalIDString = 3C2C295D2C9B281000E03830;
			remoteInfo = jumso;
		};
		3C2C297F2C9B281200E03830 /* PBXContainerItemProxy */ = {
			isa = PBXContainerItemProxy;
			containerPortal = 3C2C29562C9B281000E03830 /* Project object */;
			proxyType = 1;
			remoteGlobalIDString = 3C2C295D2C9B281000E03830;
			remoteInfo = jumso;
		};
/* End PBXContainerItemProxy section */

/* Begin PBXFileReference section */
		23C8672A27E85C5380922274 /* Pods_jumsoTests.framework */ = {isa = PBXFileReference; explicitFileType = wrapper.framework; includeInIndex = 0; path = Pods_jumsoTests.framework; sourceTree = BUILT_PRODUCTS_DIR; };
		3C0AE7892CF37A43004074DB /* ProfileView.swift */ = {isa = PBXFileReference; lastKnownFileType = sourcecode.swift; path = ProfileView.swift; sourceTree = "<group>"; };
		3C0AE78B2CF37A78004074DB /* RangeSlider.swift */ = {isa = PBXFileReference; lastKnownFileType = sourcecode.swift; path = RangeSlider.swift; sourceTree = "<group>"; };
		3C0AE78D2CF37B00004074DB /* ProfileRow.swift */ = {isa = PBXFileReference; lastKnownFileType = sourcecode.swift; path = ProfileRow.swift; sourceTree = "<group>"; };
		3C0AE78F2CF37B2A004074DB /* SectionView.swift */ = {isa = PBXFileReference; lastKnownFileType = sourcecode.swift; path = SectionView.swift; sourceTree = "<group>"; };
		3C0AE7912CF37CAE004074DB /* ChatView.swift */ = {isa = PBXFileReference; lastKnownFileType = sourcecode.swift; path = ChatView.swift; sourceTree = "<group>"; };
		3C0AE7932CF37E2F004074DB /* ChatDetailView.swift */ = {isa = PBXFileReference; lastKnownFileType = sourcecode.swift; path = ChatDetailView.swift; sourceTree = "<group>"; };
		3C0AE7952CF380B6004074DB /* ChatListViewModel.swift */ = {isa = PBXFileReference; lastKnownFileType = sourcecode.swift; path = ChatListViewModel.swift; sourceTree = "<group>"; };
		3C0AE7972CF380DA004074DB /* ChatDetailViewModel.swift */ = {isa = PBXFileReference; lastKnownFileType = sourcecode.swift; path = ChatDetailViewModel.swift; sourceTree = "<group>"; };
		3C0AE7992CF49C7D004074DB /* MainView.swift */ = {isa = PBXFileReference; lastKnownFileType = sourcecode.swift; path = MainView.swift; sourceTree = "<group>"; };
		3C0AE79B2CF4A598004074DB /* MainViewModel.swift */ = {isa = PBXFileReference; lastKnownFileType = sourcecode.swift; path = MainViewModel.swift; sourceTree = "<group>"; };
		3C0FECE82D22D3CA003166C0 /* SignUpIntroductionView.swift */ = {isa = PBXFileReference; lastKnownFileType = sourcecode.swift; path = SignUpIntroductionView.swift; sourceTree = "<group>"; };
		3C169B5D2CB2C51300933AFE /* SignUpGenderViewController.swift */ = {isa = PBXFileReference; lastKnownFileType = sourcecode.swift; path = SignUpGenderViewController.swift; sourceTree = "<group>"; };
		3C169B5F2CB2C7FD00933AFE /* SignUpDistanceViewController.swift */ = {isa = PBXFileReference; lastKnownFileType = sourcecode.swift; path = SignUpDistanceViewController.swift; sourceTree = "<group>"; };
		3C169B612CB2CA5F00933AFE /* SignUpProfileViewController.swift */ = {isa = PBXFileReference; lastKnownFileType = sourcecode.swift; path = SignUpProfileViewController.swift; sourceTree = "<group>"; };
		3C169B652CB2CE8300933AFE /* SignUpProfileTableViewCell.swift */ = {isa = PBXFileReference; lastKnownFileType = sourcecode.swift; path = SignUpProfileTableViewCell.swift; sourceTree = "<group>"; };
		3C169B662CB2CE8300933AFE /* SignUpProfileTableViewCell.xib */ = {isa = PBXFileReference; lastKnownFileType = file.xib; path = SignUpProfileTableViewCell.xib; sourceTree = "<group>"; };
		3C2C295E2C9B281000E03830 /* jumso.app */ = {isa = PBXFileReference; explicitFileType = wrapper.application; includeInIndex = 0; path = jumso.app; sourceTree = BUILT_PRODUCTS_DIR; };
		3C2C29612C9B281000E03830 /* AppDelegate.swift */ = {isa = PBXFileReference; lastKnownFileType = sourcecode.swift; path = AppDelegate.swift; sourceTree = "<group>"; };
		3C2C29632C9B281000E03830 /* SceneDelegate.swift */ = {isa = PBXFileReference; lastKnownFileType = sourcecode.swift; path = SceneDelegate.swift; sourceTree = "<group>"; };
		3C2C29652C9B281000E03830 /* ViewController.swift */ = {isa = PBXFileReference; lastKnownFileType = sourcecode.swift; path = ViewController.swift; sourceTree = "<group>"; };
		3C2C29682C9B281000E03830 /* Base */ = {isa = PBXFileReference; lastKnownFileType = file.storyboard; name = Base; path = Base.lproj/Main.storyboard; sourceTree = "<group>"; };
		3C2C296A2C9B281200E03830 /* Assets.xcassets */ = {isa = PBXFileReference; lastKnownFileType = folder.assetcatalog; path = Assets.xcassets; sourceTree = "<group>"; };
		3C2C296D2C9B281200E03830 /* Base */ = {isa = PBXFileReference; lastKnownFileType = file.storyboard; name = Base; path = Base.lproj/LaunchScreen.storyboard; sourceTree = "<group>"; };
		3C2C296F2C9B281200E03830 /* Info.plist */ = {isa = PBXFileReference; lastKnownFileType = text.plist.xml; path = Info.plist; sourceTree = "<group>"; };
		3C2C29742C9B281200E03830 /* jumsoTests.xctest */ = {isa = PBXFileReference; explicitFileType = wrapper.cfbundle; includeInIndex = 0; path = jumsoTests.xctest; sourceTree = BUILT_PRODUCTS_DIR; };
		3C2C29782C9B281200E03830 /* jumsoTests.swift */ = {isa = PBXFileReference; lastKnownFileType = sourcecode.swift; path = jumsoTests.swift; sourceTree = "<group>"; };
		3C2C297E2C9B281200E03830 /* jumsoUITests.xctest */ = {isa = PBXFileReference; explicitFileType = wrapper.cfbundle; includeInIndex = 0; path = jumsoUITests.xctest; sourceTree = BUILT_PRODUCTS_DIR; };
		3C2C29822C9B281200E03830 /* jumsoUITests.swift */ = {isa = PBXFileReference; lastKnownFileType = sourcecode.swift; path = jumsoUITests.swift; sourceTree = "<group>"; };
		3C2C29842C9B281200E03830 /* jumsoUITestsLaunchTests.swift */ = {isa = PBXFileReference; lastKnownFileType = sourcecode.swift; path = jumsoUITestsLaunchTests.swift; sourceTree = "<group>"; };
		3C2C938E2D2BC14900E0F2EB /* LoginResponse.swift */ = {isa = PBXFileReference; lastKnownFileType = sourcecode.swift; path = LoginResponse.swift; sourceTree = "<group>"; };
		3C2C93902D2BC26F00E0F2EB /* LoginRequest.swift */ = {isa = PBXFileReference; lastKnownFileType = sourcecode.swift; path = LoginRequest.swift; sourceTree = "<group>"; };
		3C2C93922D2BC7C000E0F2EB /* AFEventLogger.swift */ = {isa = PBXFileReference; lastKnownFileType = sourcecode.swift; path = AFEventLogger.swift; sourceTree = "<group>"; };
		3C2C93942D3002DF00E0F2EB /* RegisterViewModel.swift */ = {isa = PBXFileReference; lastKnownFileType = sourcecode.swift; path = RegisterViewModel.swift; sourceTree = "<group>"; };
		3C3BE7012CEE1B8300695D7C /* MainTabBarController.swift */ = {isa = PBXFileReference; lastKnownFileType = sourcecode.swift; path = MainTabBarController.swift; sourceTree = "<group>"; };
		3C3BE7032CEE21AE00695D7C /* HomeViewController.swift */ = {isa = PBXFileReference; lastKnownFileType = sourcecode.swift; path = HomeViewController.swift; sourceTree = "<group>"; };
		3C3BE7052CEE21C100695D7C /* ChatViewController.swift */ = {isa = PBXFileReference; lastKnownFileType = sourcecode.swift; path = ChatViewController.swift; sourceTree = "<group>"; };
		3C3BE7072CEE21C900695D7C /* ProfileViewController.swift */ = {isa = PBXFileReference; lastKnownFileType = sourcecode.swift; path = ProfileViewController.swift; sourceTree = "<group>"; };
		3C3BE7092CEE21EC00695D7C /* LoungeViewController.swift */ = {isa = PBXFileReference; lastKnownFileType = sourcecode.swift; path = LoungeViewController.swift; sourceTree = "<group>"; };
		3C3BE7102CEE2D3000695D7C /* KeychainManager.swift */ = {isa = PBXFileReference; lastKnownFileType = sourcecode.swift; path = KeychainManager.swift; sourceTree = "<group>"; };
		3C5401F42CBB9D2500C95EB8 /* SignUpProfileInputTableViewCell.swift */ = {isa = PBXFileReference; lastKnownFileType = sourcecode.swift; path = SignUpProfileInputTableViewCell.swift; sourceTree = "<group>"; };
		3C5401F52CBB9D2500C95EB8 /* SignUpProfileInputTableViewCell.xib */ = {isa = PBXFileReference; lastKnownFileType = file.xib; path = SignUpProfileInputTableViewCell.xib; sourceTree = "<group>"; };
		3C5401FA2CBBA89500C95EB8 /* SignUpLocationViewController.swift */ = {isa = PBXFileReference; lastKnownFileType = sourcecode.swift; path = SignUpLocationViewController.swift; sourceTree = "<group>"; };
		3C5401FC2CBBDB6E00C95EB8 /* SignUpIntroductionViewController.swift */ = {isa = PBXFileReference; lastKnownFileType = sourcecode.swift; path = SignUpIntroductionViewController.swift; sourceTree = "<group>"; };
		3C5401FE2CBBDF4200C95EB8 /* SignUpSliderTableViewCell.swift */ = {isa = PBXFileReference; lastKnownFileType = sourcecode.swift; path = SignUpSliderTableViewCell.swift; sourceTree = "<group>"; };
		3C5401FF2CBBDF4200C95EB8 /* SignUpSliderTableViewCell.xib */ = {isa = PBXFileReference; lastKnownFileType = file.xib; path = SignUpSliderTableViewCell.xib; sourceTree = "<group>"; };
		3C5402022CBBE26D00C95EB8 /* SignUpPreferenceViewController.swift */ = {isa = PBXFileReference; lastKnownFileType = sourcecode.swift; path = SignUpPreferenceViewController.swift; sourceTree = "<group>"; };
		3C5402042CBBED3300C95EB8 /* SignUpSelectTableViewCell.swift */ = {isa = PBXFileReference; lastKnownFileType = sourcecode.swift; path = SignUpSelectTableViewCell.swift; sourceTree = "<group>"; };
		3C5402052CBBED3300C95EB8 /* SignUpSelectTableViewCell.xib */ = {isa = PBXFileReference; lastKnownFileType = file.xib; path = SignUpSelectTableViewCell.xib; sourceTree = "<group>"; };
		3C5402082CBBF0AE00C95EB8 /* SignUpPropertyselectionViewController.swift */ = {isa = PBXFileReference; lastKnownFileType = sourcecode.swift; path = SignUpPropertyselectionViewController.swift; sourceTree = "<group>"; };
		3C54020A2CBBF15D00C95EB8 /* SignUpCompanySelectionViewController.swift */ = {isa = PBXFileReference; lastKnownFileType = sourcecode.swift; path = SignUpCompanySelectionViewController.swift; sourceTree = "<group>"; };
		3C54020C2CC5246400C95EB8 /* SignUpBaseViewController.swift */ = {isa = PBXFileReference; lastKnownFileType = sourcecode.swift; path = SignUpBaseViewController.swift; sourceTree = "<group>"; };
		3C5402152CC53A0C00C95EB8 /* SignUpAppearance.swift */ = {isa = PBXFileReference; lastKnownFileType = sourcecode.swift; path = SignUpAppearance.swift; sourceTree = "<group>"; };
		3C5402182CC53BA300C95EB8 /* SignUpKeyboardManager.swift */ = {isa = PBXFileReference; lastKnownFileType = sourcecode.swift; path = SignUpKeyboardManager.swift; sourceTree = "<group>"; };
		3C54021A2CC53E6C00C95EB8 /* UIViewController+KeyboardHandling.swift */ = {isa = PBXFileReference; lastKnownFileType = sourcecode.swift; path = "UIViewController+KeyboardHandling.swift"; sourceTree = "<group>"; };
		3C5F94BC2CA9953300E477DD /* AuthenticationCodeViewController.swift */ = {isa = PBXFileReference; lastKnownFileType = sourcecode.swift; path = AuthenticationCodeViewController.swift; sourceTree = "<group>"; };
		3C5F94BE2CA99B1C00E477DD /* SignUpPasswordViewController.swift */ = {isa = PBXFileReference; lastKnownFileType = sourcecode.swift; path = SignUpPasswordViewController.swift; sourceTree = "<group>"; };
		3C5F94C02CA99CB400E477DD /* SignUpNameViewController.swift */ = {isa = PBXFileReference; lastKnownFileType = sourcecode.swift; path = SignUpNameViewController.swift; sourceTree = "<group>"; };
		3C5F94C22CA9A2A400E477DD /* SignUpBirthDayViewController.swift */ = {isa = PBXFileReference; lastKnownFileType = sourcecode.swift; path = SignUpBirthDayViewController.swift; sourceTree = "<group>"; };
		3C87AE5B2CF603A6006AAA74 /* DetailedProfileView.swift */ = {isa = PBXFileReference; lastKnownFileType = sourcecode.swift; path = DetailedProfileView.swift; sourceTree = "<group>"; };
		3C87AE5F2CFDE3AC006AAA74 /* DetailedProfileViewModel.swift */ = {isa = PBXFileReference; lastKnownFileType = sourcecode.swift; path = DetailedProfileViewModel.swift; sourceTree = "<group>"; };
		3C87AE612D01BCAF006AAA74 /* AuthViewModel.swift */ = {isa = PBXFileReference; lastKnownFileType = sourcecode.swift; path = AuthViewModel.swift; sourceTree = "<group>"; };
		3C87AE632D01BD18006AAA74 /* JumsoApp.swift */ = {isa = PBXFileReference; lastKnownFileType = sourcecode.swift; path = JumsoApp.swift; sourceTree = "<group>"; };
		3C87AE652D01C452006AAA74 /* UIApplication+Extensions.swift */ = {isa = PBXFileReference; lastKnownFileType = sourcecode.swift; path = "UIApplication+Extensions.swift"; sourceTree = "<group>"; };
		3C87AE672D01C9EE006AAA74 /* MockData.swift */ = {isa = PBXFileReference; lastKnownFileType = sourcecode.swift; path = MockData.swift; sourceTree = "<group>"; };
		3C87AE692D01D35A006AAA74 /* LoungeView.swift */ = {isa = PBXFileReference; lastKnownFileType = sourcecode.swift; path = LoungeView.swift; sourceTree = "<group>"; };
		3C87AE6B2D05E02C006AAA74 /* SignUpRegisterView.swift */ = {isa = PBXFileReference; lastKnownFileType = sourcecode.swift; path = SignUpRegisterView.swift; sourceTree = "<group>"; };
		3C87AE6D2D05E1B3006AAA74 /* SignUpCompanySelectionView.swift */ = {isa = PBXFileReference; lastKnownFileType = sourcecode.swift; path = SignUpCompanySelectionView.swift; sourceTree = "<group>"; };
		3C87AE6F2D05E69D006AAA74 /* SignUpEmailAuthenticationView.swift */ = {isa = PBXFileReference; lastKnownFileType = sourcecode.swift; path = SignUpEmailAuthenticationView.swift; sourceTree = "<group>"; };
		3C87AE712D0719DA006AAA74 /* SignUpAuthenticationCodeView.swift */ = {isa = PBXFileReference; lastKnownFileType = sourcecode.swift; path = SignUpAuthenticationCodeView.swift; sourceTree = "<group>"; };
		3C87AE762D117441006AAA74 /* SignUpReusableButton.swift */ = {isa = PBXFileReference; lastKnownFileType = sourcecode.swift; path = SignUpReusableButton.swift; sourceTree = "<group>"; };
		3C87AE782D117488006AAA74 /* KeyboardManager.swift */ = {isa = PBXFileReference; lastKnownFileType = sourcecode.swift; path = KeyboardManager.swift; sourceTree = "<group>"; };
		3C87AE7A2D118796006AAA74 /* SignUpPasswordView.swift */ = {isa = PBXFileReference; lastKnownFileType = sourcecode.swift; path = SignUpPasswordView.swift; sourceTree = "<group>"; };
		3C87AE7C2D119F7C006AAA74 /* RelativeButtonPositionModifier.swift */ = {isa = PBXFileReference; lastKnownFileType = sourcecode.swift; path = RelativeButtonPositionModifier.swift; sourceTree = "<group>"; };
		3C87AE7E2D11A7F2006AAA74 /* SignUpNameView.swift */ = {isa = PBXFileReference; lastKnownFileType = sourcecode.swift; path = SignUpNameView.swift; sourceTree = "<group>"; };
		3C87AE802D11AC3D006AAA74 /* SignUpBirthDayView.swift */ = {isa = PBXFileReference; lastKnownFileType = sourcecode.swift; path = SignUpBirthDayView.swift; sourceTree = "<group>"; };
		3C87AE822D11B3D9006AAA74 /* SignUpDebugLog.swift */ = {isa = PBXFileReference; lastKnownFileType = sourcecode.swift; path = SignUpDebugLog.swift; sourceTree = "<group>"; };
		3C87AE842D181486006AAA74 /* SignUpGenderView.swift */ = {isa = PBXFileReference; lastKnownFileType = sourcecode.swift; path = SignUpGenderView.swift; sourceTree = "<group>"; };
		3C87AE862D181CBC006AAA74 /* SignUpProfileView.swift */ = {isa = PBXFileReference; lastKnownFileType = sourcecode.swift; path = SignUpProfileView.swift; sourceTree = "<group>"; };
		3C87AE882D1C3EA7006AAA74 /* SignUpLocationView.swift */ = {isa = PBXFileReference; lastKnownFileType = sourcecode.swift; path = SignUpLocationView.swift; sourceTree = "<group>"; };
		3C87AE8A2D1C3FF3006AAA74 /* SignUpHeaderView.swift */ = {isa = PBXFileReference; lastKnownFileType = sourcecode.swift; path = SignUpHeaderView.swift; sourceTree = "<group>"; };
		3C87AE8C2D1C402C006AAA74 /* ProfileSection.swift */ = {isa = PBXFileReference; lastKnownFileType = sourcecode.swift; path = ProfileSection.swift; sourceTree = "<group>"; };
		3C87AE8E2D1C404A006AAA74 /* RoundedCorner.swift */ = {isa = PBXFileReference; lastKnownFileType = sourcecode.swift; path = RoundedCorner.swift; sourceTree = "<group>"; };
		3C87AE902D1C474E006AAA74 /* LocationManager.swift */ = {isa = PBXFileReference; lastKnownFileType = sourcecode.swift; path = LocationManager.swift; sourceTree = "<group>"; };
		3C87AE922D1C4EAD006AAA74 /* SignUpDistanceView.swift */ = {isa = PBXFileReference; lastKnownFileType = sourcecode.swift; path = SignUpDistanceView.swift; sourceTree = "<group>"; };
		3C87AE942D1C520C006AAA74 /* SignUpPreferenceView.swift */ = {isa = PBXFileReference; lastKnownFileType = sourcecode.swift; path = SignUpPreferenceView.swift; sourceTree = SOURCE_ROOT; };
		3CC4A11F2CAEABD100E92D4E /* CompanyModel.swift */ = {isa = PBXFileReference; lastKnownFileType = sourcecode.swift; path = CompanyModel.swift; sourceTree = "<group>"; };
		3CC4A1212CAEAD0A00E92D4E /* companyMock.json */ = {isa = PBXFileReference; lastKnownFileType = text.json; path = companyMock.json; sourceTree = "<group>"; };
		3CC4A12D2CAEC88A00E92D4E /* SelectCompanyViewModel.swift */ = {isa = PBXFileReference; lastKnownFileType = sourcecode.swift; path = SelectCompanyViewModel.swift; sourceTree = "<group>"; };
		3CC4A12F2CAECB2200E92D4E /* FindCompanyViewModel.swift */ = {isa = PBXFileReference; lastKnownFileType = sourcecode.swift; path = FindCompanyViewModel.swift; sourceTree = "<group>"; };
		3CD83F422CA03A010028BDC3 /* LoginViewController.swift */ = {isa = PBXFileReference; lastKnownFileType = sourcecode.swift; path = LoginViewController.swift; sourceTree = "<group>"; };
		3CD83F442CA03EFB0028BDC3 /* RegisterViewController.swift */ = {isa = PBXFileReference; lastKnownFileType = sourcecode.swift; path = RegisterViewController.swift; sourceTree = "<group>"; };
		3CD83F462CA18AF50028BDC3 /* CompaniesCell.swift */ = {isa = PBXFileReference; lastKnownFileType = sourcecode.swift; path = CompaniesCell.swift; sourceTree = "<group>"; };
		3CD83F472CA18AF50028BDC3 /* CompaniesCell.xib */ = {isa = PBXFileReference; lastKnownFileType = file.xib; path = CompaniesCell.xib; sourceTree = "<group>"; };
		3CD83F4A2CA86A4A0028BDC3 /* ProfileCell.swift */ = {isa = PBXFileReference; lastKnownFileType = sourcecode.swift; path = ProfileCell.swift; sourceTree = "<group>"; };
		3CD83F4B2CA86A4A0028BDC3 /* ProfileCell.xib */ = {isa = PBXFileReference; lastKnownFileType = file.xib; path = ProfileCell.xib; sourceTree = "<group>"; };
		3CD83F502CA871F20028BDC3 /* EmailAuthenticationViewController.swift */ = {isa = PBXFileReference; lastKnownFileType = sourcecode.swift; path = EmailAuthenticationViewController.swift; sourceTree = "<group>"; };
		3CD83F522CA874A10028BDC3 /* SignUp.storyboard */ = {isa = PBXFileReference; lastKnownFileType = file.storyboard; path = SignUp.storyboard; sourceTree = "<group>"; };
		43393196F6772C7A51D5C6D4 /* Pods-jumso.debug.xcconfig */ = {isa = PBXFileReference; includeInIndex = 1; lastKnownFileType = text.xcconfig; name = "Pods-jumso.debug.xcconfig"; path = "Target Support Files/Pods-jumso/Pods-jumso.debug.xcconfig"; sourceTree = "<group>"; };
		67BDFBC566D133BA53050CCE /* Pods-jumsoUITests.debug.xcconfig */ = {isa = PBXFileReference; includeInIndex = 1; lastKnownFileType = text.xcconfig; name = "Pods-jumsoUITests.debug.xcconfig"; path = "Target Support Files/Pods-jumsoUITests/Pods-jumsoUITests.debug.xcconfig"; sourceTree = "<group>"; };
		87EC11961E63F613004D3AF2 /* Pods_jumsoUITests.framework */ = {isa = PBXFileReference; explicitFileType = wrapper.framework; includeInIndex = 0; path = Pods_jumsoUITests.framework; sourceTree = BUILT_PRODUCTS_DIR; };
		9B7C0BBC48B302172F11DEB7 /* Pods-jumso.release.xcconfig */ = {isa = PBXFileReference; includeInIndex = 1; lastKnownFileType = text.xcconfig; name = "Pods-jumso.release.xcconfig"; path = "Target Support Files/Pods-jumso/Pods-jumso.release.xcconfig"; sourceTree = "<group>"; };
		BE5A10679EB4ECBE7B26B48A /* Pods-jumsoTests.debug.xcconfig */ = {isa = PBXFileReference; includeInIndex = 1; lastKnownFileType = text.xcconfig; name = "Pods-jumsoTests.debug.xcconfig"; path = "Target Support Files/Pods-jumsoTests/Pods-jumsoTests.debug.xcconfig"; sourceTree = "<group>"; };
		CC58898D82F96984F4D249B8 /* Pods_jumso.framework */ = {isa = PBXFileReference; explicitFileType = wrapper.framework; includeInIndex = 0; path = Pods_jumso.framework; sourceTree = BUILT_PRODUCTS_DIR; };
		CCD7ABB34A2FE21FAF84D5AF /* Pods-jumsoUITests.release.xcconfig */ = {isa = PBXFileReference; includeInIndex = 1; lastKnownFileType = text.xcconfig; name = "Pods-jumsoUITests.release.xcconfig"; path = "Target Support Files/Pods-jumsoUITests/Pods-jumsoUITests.release.xcconfig"; sourceTree = "<group>"; };
		EF015CF4ABB8DF8F252BBFC0 /* Pods-jumsoTests.release.xcconfig */ = {isa = PBXFileReference; includeInIndex = 1; lastKnownFileType = text.xcconfig; name = "Pods-jumsoTests.release.xcconfig"; path = "Target Support Files/Pods-jumsoTests/Pods-jumsoTests.release.xcconfig"; sourceTree = "<group>"; };
/* End PBXFileReference section */

/* Begin PBXFrameworksBuildPhase section */
		3C2C295B2C9B281000E03830 /* Frameworks */ = {
			isa = PBXFrameworksBuildPhase;
			buildActionMask = 2147483647;
			files = (
				B6F3B30039866EDAF65A2E1C /* Pods_jumso.framework in Frameworks */,
			);
			runOnlyForDeploymentPostprocessing = 0;
		};
		3C2C29712C9B281200E03830 /* Frameworks */ = {
			isa = PBXFrameworksBuildPhase;
			buildActionMask = 2147483647;
			files = (
				9DF60B422414B341BF150864 /* Pods_jumsoTests.framework in Frameworks */,
			);
			runOnlyForDeploymentPostprocessing = 0;
		};
		3C2C297B2C9B281200E03830 /* Frameworks */ = {
			isa = PBXFrameworksBuildPhase;
			buildActionMask = 2147483647;
			files = (
				98B3CD58337DAEE63CE62220 /* Pods_jumsoUITests.framework in Frameworks */,
			);
			runOnlyForDeploymentPostprocessing = 0;
		};
/* End PBXFrameworksBuildPhase section */

/* Begin PBXGroup section */
		3C2C29552C9B281000E03830 = {
			isa = PBXGroup;
			children = (
				3C2C29602C9B281000E03830 /* jumso */,
				3C2C29772C9B281200E03830 /* jumsoTests */,
				3C2C29812C9B281200E03830 /* jumsoUITests */,
				3C2C295F2C9B281000E03830 /* Products */,
				BECE9F6D69C883AE828ABE4E /* Pods */,
				446AA1597FE724AC0312DEF2 /* Frameworks */,
			);
			sourceTree = "<group>";
		};
		3C2C295F2C9B281000E03830 /* Products */ = {
			isa = PBXGroup;
			children = (
				3C2C295E2C9B281000E03830 /* jumso.app */,
				3C2C29742C9B281200E03830 /* jumsoTests.xctest */,
				3C2C297E2C9B281200E03830 /* jumsoUITests.xctest */,
			);
			name = Products;
			sourceTree = "<group>";
		};
		3C2C29602C9B281000E03830 /* jumso */ = {
			isa = PBXGroup;
			children = (
				3C2C29612C9B281000E03830 /* AppDelegate.swift */,
				3C2C296A2C9B281200E03830 /* Assets.xcassets */,
				3C2C296F2C9B281200E03830 /* Info.plist */,
				3C2C29652C9B281000E03830 /* ViewController.swift */,
				3C2C29632C9B281000E03830 /* SceneDelegate.swift */,
				3C2C296C2C9B281200E03830 /* LaunchScreen.storyboard */,
				3C87AE562CF5FF3A006AAA74 /* Shared */,
				3CC4A1272CAEC75600E92D4E /* Login */,
				3C3BE6F52CE9F09400695D7C /* Main */,
				3C2C29672C9B281000E03830 /* Main.storyboard */,
				3CC4A1262CAEC71200E92D4E /* SignUp */,
				3C87AE632D01BD18006AAA74 /* JumsoApp.swift */,
				3C87AE672D01C9EE006AAA74 /* MockData.swift */,
			);
			path = jumso;
			sourceTree = "<group>";
		};
		3C2C29772C9B281200E03830 /* jumsoTests */ = {
			isa = PBXGroup;
			children = (
				3C2C29782C9B281200E03830 /* jumsoTests.swift */,
			);
			path = jumsoTests;
			sourceTree = "<group>";
		};
		3C2C29812C9B281200E03830 /* jumsoUITests */ = {
			isa = PBXGroup;
			children = (
				3C2C29822C9B281200E03830 /* jumsoUITests.swift */,
				3C2C29842C9B281200E03830 /* jumsoUITestsLaunchTests.swift */,
			);
			path = jumsoUITests;
			sourceTree = "<group>";
		};
		3C2C93962D35550E00E0F2EB /* moved */ = {
			isa = PBXGroup;
			children = (
				3CD83F442CA03EFB0028BDC3 /* RegisterViewController.swift */,
				3C54020C2CC5246400C95EB8 /* SignUpBaseViewController.swift */,
				3C5F94C22CA9A2A400E477DD /* SignUpBirthDayViewController.swift */,
				3C54020A2CBBF15D00C95EB8 /* SignUpCompanySelectionViewController.swift */,
				3C169B5F2CB2C7FD00933AFE /* SignUpDistanceViewController.swift */,
				3C169B5D2CB2C51300933AFE /* SignUpGenderViewController.swift */,
				3C5401FC2CBBDB6E00C95EB8 /* SignUpIntroductionViewController.swift */,
				3C5401FA2CBBA89500C95EB8 /* SignUpLocationViewController.swift */,
				3C5F94C02CA99CB400E477DD /* SignUpNameViewController.swift */,
				3C5F94BE2CA99B1C00E477DD /* SignUpPasswordViewController.swift */,
				3C5402022CBBE26D00C95EB8 /* SignUpPreferenceViewController.swift */,
				3C169B612CB2CA5F00933AFE /* SignUpProfileViewController.swift */,
				3C5402082CBBF0AE00C95EB8 /* SignUpPropertyselectionViewController.swift */,
				3C5F94BC2CA9953300E477DD /* AuthenticationCodeViewController.swift */,
				3CD83F502CA871F20028BDC3 /* EmailAuthenticationViewController.swift */,
			);
			path = moved;
			sourceTree = "<group>";
		};
		3C3BE6F52CE9F09400695D7C /* Main */ = {
			isa = PBXGroup;
			children = (
				3C3BE6F62CE9F09A00695D7C /* Appearance */,
				3C3BE70F2CEE29DC00695D7C /* Coordinator */,
				3C3BE6FC2CE9F0C400695D7C /* Model */,
				3C3BE70D2CEE29C200695D7C /* Networking */,
				3C3BE6F82CE9F0A700695D7C /* Protocols */,
				3C3BE70E2CEE29D100695D7C /* Resources */,
				3C3BE6F92CE9F0AF00695D7C /* Service */,
				3C3BE6F72CE9F0A100695D7C /* Utils */,
				3C3BE6FE2CE9F0D000695D7C /* View */,
				3C3BE6FD2CE9F0CA00695D7C /* ViewModel */,
			);
			path = Main;
			sourceTree = "<group>";
		};
		3C3BE6F62CE9F09A00695D7C /* Appearance */ = {
			isa = PBXGroup;
			children = (
			);
			path = Appearance;
			sourceTree = "<group>";
		};
		3C3BE6F72CE9F0A100695D7C /* Utils */ = {
			isa = PBXGroup;
			children = (
				3C3BE70C2CEE29B900695D7C /* Extensions */,
			);
			path = Utils;
			sourceTree = "<group>";
		};
		3C3BE6F82CE9F0A700695D7C /* Protocols */ = {
			isa = PBXGroup;
			children = (
			);
			path = Protocols;
			sourceTree = "<group>";
		};
		3C3BE6F92CE9F0AF00695D7C /* Service */ = {
			isa = PBXGroup;
			children = (
				3C3BE7102CEE2D3000695D7C /* KeychainManager.swift */,
			);
			path = Service;
			sourceTree = "<group>";
		};
		3C3BE6FC2CE9F0C400695D7C /* Model */ = {
			isa = PBXGroup;
			children = (
			);
			path = Model;
			sourceTree = "<group>";
		};
		3C3BE6FD2CE9F0CA00695D7C /* ViewModel */ = {
			isa = PBXGroup;
			children = (
				3C0AE7952CF380B6004074DB /* ChatListViewModel.swift */,
				3C0AE7972CF380DA004074DB /* ChatDetailViewModel.swift */,
				3C0AE79B2CF4A598004074DB /* MainViewModel.swift */,
				3C87AE5F2CFDE3AC006AAA74 /* DetailedProfileViewModel.swift */,
			);
			path = ViewModel;
			sourceTree = "<group>";
		};
		3C3BE6FE2CE9F0D000695D7C /* View */ = {
			isa = PBXGroup;
			children = (
				3C0AE7892CF37A43004074DB /* ProfileView.swift */,
				3C0AE78B2CF37A78004074DB /* RangeSlider.swift */,
				3C0AE78D2CF37B00004074DB /* ProfileRow.swift */,
				3C0AE78F2CF37B2A004074DB /* SectionView.swift */,
				3C0AE7912CF37CAE004074DB /* ChatView.swift */,
				3C0AE7932CF37E2F004074DB /* ChatDetailView.swift */,
				3C0AE7992CF49C7D004074DB /* MainView.swift */,
				3C87AE5B2CF603A6006AAA74 /* DetailedProfileView.swift */,
				3C87AE692D01D35A006AAA74 /* LoungeView.swift */,
			);
			path = View;
			sourceTree = "<group>";
		};
		3C3BE70C2CEE29B900695D7C /* Extensions */ = {
			isa = PBXGroup;
			children = (
			);
			path = Extensions;
			sourceTree = "<group>";
		};
		3C3BE70D2CEE29C200695D7C /* Networking */ = {
			isa = PBXGroup;
			children = (
			);
			path = Networking;
			sourceTree = "<group>";
		};
		3C3BE70E2CEE29D100695D7C /* Resources */ = {
			isa = PBXGroup;
			children = (
			);
			path = Resources;
			sourceTree = "<group>";
		};
		3C3BE70F2CEE29DC00695D7C /* Coordinator */ = {
			isa = PBXGroup;
			children = (
				3C3BE7052CEE21C100695D7C /* ChatViewController.swift */,
				3C3BE7032CEE21AE00695D7C /* HomeViewController.swift */,
				3C3BE7092CEE21EC00695D7C /* LoungeViewController.swift */,
				3C3BE7012CEE1B8300695D7C /* MainTabBarController.swift */,
				3C3BE7072CEE21C900695D7C /* ProfileViewController.swift */,
			);
			path = Coordinator;
			sourceTree = "<group>";
		};
		3C54020E2CC5359400C95EB8 /* Service */ = {
			isa = PBXGroup;
			children = (
			);
			path = Service;
			sourceTree = "<group>";
		};
		3C54020F2CC535A700C95EB8 /* Extensions */ = {
			isa = PBXGroup;
			children = (
				3C54021A2CC53E6C00C95EB8 /* UIViewController+KeyboardHandling.swift */,
			);
			path = Extensions;
			sourceTree = "<group>";
		};
		3C5402132CC539D600C95EB8 /* Utils */ = {
			isa = PBXGroup;
			children = (
				3C5402172CC53AC500C95EB8 /* Utility */,
				3C54020F2CC535A700C95EB8 /* Extensions */,
			);
			path = Utils;
			sourceTree = "<group>";
		};
		3C5402142CC539EA00C95EB8 /* Appearance */ = {
			isa = PBXGroup;
			children = (
				3C5402152CC53A0C00C95EB8 /* SignUpAppearance.swift */,
				3C87AE8A2D1C3FF3006AAA74 /* SignUpHeaderView.swift */,
			);
			path = Appearance;
			sourceTree = "<group>";
		};
		3C5402172CC53AC500C95EB8 /* Utility */ = {
			isa = PBXGroup;
			children = (
				3C5402182CC53BA300C95EB8 /* SignUpKeyboardManager.swift */,
				3C87AE782D117488006AAA74 /* KeyboardManager.swift */,
				3C87AE822D11B3D9006AAA74 /* SignUpDebugLog.swift */,
				3C87AE8E2D1C404A006AAA74 /* RoundedCorner.swift */,
				3C87AE902D1C474E006AAA74 /* LocationManager.swift */,
			);
			path = Utility;
			sourceTree = "<group>";
		};
		3C87AE552CF5FE96006AAA74 /* ViewController */ = {
			isa = PBXGroup;
			children = (
				3CD83F422CA03A010028BDC3 /* LoginViewController.swift */,
			);
			path = ViewController;
			sourceTree = "<group>";
		};
		3C87AE562CF5FF3A006AAA74 /* Shared */ = {
			isa = PBXGroup;
			children = (
				3C87AE5A2CF5FF61006AAA74 /* Networking */,
				3C87AE592CF5FF4D006AAA74 /* Extensions */,
				3C87AE582CF5FF47006AAA74 /* Constants */,
				3C87AE572CF5FF42006AAA74 /* Resources */,
				3C87AE612D01BCAF006AAA74 /* AuthViewModel.swift */,
			);
			path = Shared;
			sourceTree = "<group>";
		};
		3C87AE572CF5FF42006AAA74 /* Resources */ = {
			isa = PBXGroup;
			children = (
			);
			path = Resources;
			sourceTree = "<group>";
		};
		3C87AE582CF5FF47006AAA74 /* Constants */ = {
			isa = PBXGroup;
			children = (
			);
			path = Constants;
			sourceTree = "<group>";
		};
		3C87AE592CF5FF4D006AAA74 /* Extensions */ = {
			isa = PBXGroup;
			children = (
				3C87AE652D01C452006AAA74 /* UIApplication+Extensions.swift */,
			);
			path = Extensions;
			sourceTree = "<group>";
		};
		3C87AE5A2CF5FF61006AAA74 /* Networking */ = {
			isa = PBXGroup;
			children = (
			);
			path = Networking;
			sourceTree = "<group>";
		};
		3C87AE752D11742B006AAA74 /* Resources */ = {
			isa = PBXGroup;
			children = (
				3C87AE762D117441006AAA74 /* SignUpReusableButton.swift */,
				3C87AE7C2D119F7C006AAA74 /* RelativeButtonPositionModifier.swift */,
			);
			path = Resources;
			sourceTree = "<group>";
		};
		3CC4A11C2CAEA87300E92D4E /* Model */ = {
			isa = PBXGroup;
			children = (
				3CC4A11F2CAEABD100E92D4E /* CompanyModel.swift */,
				3CC4A1212CAEAD0A00E92D4E /* companyMock.json */,
				3C87AE8C2D1C402C006AAA74 /* ProfileSection.swift */,
			);
			path = Model;
			sourceTree = "<group>";
		};
		3CC4A11D2CAEA8A700E92D4E /* View */ = {
			isa = PBXGroup;
			children = (
				3C2C93962D35550E00E0F2EB /* moved */,
				3C87AE942D1C520C006AAA74 /* SignUpPreferenceView.swift */,
				3C87AE712D0719DA006AAA74 /* SignUpAuthenticationCodeView.swift */,
				3C87AE802D11AC3D006AAA74 /* SignUpBirthDayView.swift */,
				3C87AE6D2D05E1B3006AAA74 /* SignUpCompanySelectionView.swift */,
				3C87AE922D1C4EAD006AAA74 /* SignUpDistanceView.swift */,
				3C87AE6F2D05E69D006AAA74 /* SignUpEmailAuthenticationView.swift */,
				3C87AE842D181486006AAA74 /* SignUpGenderView.swift */,
				3C87AE882D1C3EA7006AAA74 /* SignUpLocationView.swift */,
				3C87AE7E2D11A7F2006AAA74 /* SignUpNameView.swift */,
				3C87AE7A2D118796006AAA74 /* SignUpPasswordView.swift */,
				3C87AE862D181CBC006AAA74 /* SignUpProfileView.swift */,
				3C87AE6B2D05E02C006AAA74 /* SignUpRegisterView.swift */,
				3C0FECE82D22D3CA003166C0 /* SignUpIntroductionView.swift */,
			);
			path = View;
			sourceTree = "<group>";
		};
		3CC4A11E2CAEA8B100E92D4E /* ViewModel */ = {
			isa = PBXGroup;
			children = (
				3CC4A12D2CAEC88A00E92D4E /* SelectCompanyViewModel.swift */,
				3CC4A12F2CAECB2200E92D4E /* FindCompanyViewModel.swift */,
				3C2C93942D3002DF00E0F2EB /* RegisterViewModel.swift */,
			);
			path = ViewModel;
			sourceTree = "<group>";
		};
		3CC4A1262CAEC71200E92D4E /* SignUp */ = {
			isa = PBXGroup;
			children = (
				3C87AE752D11742B006AAA74 /* Resources */,
				3C5402142CC539EA00C95EB8 /* Appearance */,
				3C5402132CC539D600C95EB8 /* Utils */,
				3C54020E2CC5359400C95EB8 /* Service */,
				3CC4A12C2CAEC7E000E92D4E /* StoryBoard */,
				3CC4A12B2CAEC7D000E92D4E /* Cell */,
				3CC4A11C2CAEA87300E92D4E /* Model */,
				3CC4A11E2CAEA8B100E92D4E /* ViewModel */,
				3CC4A11D2CAEA8A700E92D4E /* View */,
			);
			path = SignUp;
			sourceTree = "<group>";
		};
		3CC4A1272CAEC75600E92D4E /* Login */ = {
			isa = PBXGroup;
			children = (
				3C87AE552CF5FE96006AAA74 /* ViewController */,
				3CC4A12A2CAEC77600E92D4E /* ViewModel */,
				3CC4A1282CAEC77100E92D4E /* Model */,
			);
			path = Login;
			sourceTree = "<group>";
		};
		3CC4A1282CAEC77100E92D4E /* Model */ = {
			isa = PBXGroup;
			children = (
				3C2C938E2D2BC14900E0F2EB /* LoginResponse.swift */,
				3C2C93902D2BC26F00E0F2EB /* LoginRequest.swift */,
			);
			path = Model;
			sourceTree = "<group>";
		};
		3CC4A12A2CAEC77600E92D4E /* ViewModel */ = {
			isa = PBXGroup;
			children = (
				3C2C93922D2BC7C000E0F2EB /* AFEventLogger.swift */,
			);
			path = ViewModel;
			sourceTree = "<group>";
		};
		3CC4A12B2CAEC7D000E92D4E /* Cell */ = {
			isa = PBXGroup;
			children = (
				3CD83F4A2CA86A4A0028BDC3 /* ProfileCell.swift */,
				3CD83F4B2CA86A4A0028BDC3 /* ProfileCell.xib */,
				3CD83F462CA18AF50028BDC3 /* CompaniesCell.swift */,
				3CD83F472CA18AF50028BDC3 /* CompaniesCell.xib */,
				3C169B652CB2CE8300933AFE /* SignUpProfileTableViewCell.swift */,
				3C169B662CB2CE8300933AFE /* SignUpProfileTableViewCell.xib */,
				3C5401F42CBB9D2500C95EB8 /* SignUpProfileInputTableViewCell.swift */,
				3C5401F52CBB9D2500C95EB8 /* SignUpProfileInputTableViewCell.xib */,
				3C5401FE2CBBDF4200C95EB8 /* SignUpSliderTableViewCell.swift */,
				3C5401FF2CBBDF4200C95EB8 /* SignUpSliderTableViewCell.xib */,
				3C5402042CBBED3300C95EB8 /* SignUpSelectTableViewCell.swift */,
				3C5402052CBBED3300C95EB8 /* SignUpSelectTableViewCell.xib */,
			);
			path = Cell;
			sourceTree = "<group>";
		};
		3CC4A12C2CAEC7E000E92D4E /* StoryBoard */ = {
			isa = PBXGroup;
			children = (
				3CD83F522CA874A10028BDC3 /* SignUp.storyboard */,
			);
			path = StoryBoard;
			sourceTree = "<group>";
		};
		446AA1597FE724AC0312DEF2 /* Frameworks */ = {
			isa = PBXGroup;
			children = (
				CC58898D82F96984F4D249B8 /* Pods_jumso.framework */,
				23C8672A27E85C5380922274 /* Pods_jumsoTests.framework */,
				87EC11961E63F613004D3AF2 /* Pods_jumsoUITests.framework */,
			);
			name = Frameworks;
			sourceTree = "<group>";
		};
		BECE9F6D69C883AE828ABE4E /* Pods */ = {
			isa = PBXGroup;
			children = (
				43393196F6772C7A51D5C6D4 /* Pods-jumso.debug.xcconfig */,
				9B7C0BBC48B302172F11DEB7 /* Pods-jumso.release.xcconfig */,
				BE5A10679EB4ECBE7B26B48A /* Pods-jumsoTests.debug.xcconfig */,
				EF015CF4ABB8DF8F252BBFC0 /* Pods-jumsoTests.release.xcconfig */,
				67BDFBC566D133BA53050CCE /* Pods-jumsoUITests.debug.xcconfig */,
				CCD7ABB34A2FE21FAF84D5AF /* Pods-jumsoUITests.release.xcconfig */,
			);
			path = Pods;
			sourceTree = "<group>";
		};
/* End PBXGroup section */

/* Begin PBXNativeTarget section */
		3C2C295D2C9B281000E03830 /* jumso */ = {
			isa = PBXNativeTarget;
			buildConfigurationList = 3C2C29882C9B281200E03830 /* Build configuration list for PBXNativeTarget "jumso" */;
			buildPhases = (
				5E6DAAB204D1C181F0AC888C /* [CP] Check Pods Manifest.lock */,
				3C2C295A2C9B281000E03830 /* Sources */,
				3C2C295B2C9B281000E03830 /* Frameworks */,
				3C2C295C2C9B281000E03830 /* Resources */,
				24EF77E0134F974B84A81098 /* [CP] Embed Pods Frameworks */,
			);
			buildRules = (
			);
			dependencies = (
			);
			name = jumso;
			productName = jumso;
			productReference = 3C2C295E2C9B281000E03830 /* jumso.app */;
			productType = "com.apple.product-type.application";
		};
		3C2C29732C9B281200E03830 /* jumsoTests */ = {
			isa = PBXNativeTarget;
			buildConfigurationList = 3C2C298B2C9B281200E03830 /* Build configuration list for PBXNativeTarget "jumsoTests" */;
			buildPhases = (
				6E43E0BB27F80672882745EC /* [CP] Check Pods Manifest.lock */,
				3C2C29702C9B281200E03830 /* Sources */,
				3C2C29712C9B281200E03830 /* Frameworks */,
				3C2C29722C9B281200E03830 /* Resources */,
			);
			buildRules = (
			);
			dependencies = (
				3C2C29762C9B281200E03830 /* PBXTargetDependency */,
			);
			name = jumsoTests;
			productName = jumsoTests;
			productReference = 3C2C29742C9B281200E03830 /* jumsoTests.xctest */;
			productType = "com.apple.product-type.bundle.unit-test";
		};
		3C2C297D2C9B281200E03830 /* jumsoUITests */ = {
			isa = PBXNativeTarget;
			buildConfigurationList = 3C2C298E2C9B281200E03830 /* Build configuration list for PBXNativeTarget "jumsoUITests" */;
			buildPhases = (
				9E305B963CEBABB84AF7711F /* [CP] Check Pods Manifest.lock */,
				3C2C297A2C9B281200E03830 /* Sources */,
				3C2C297B2C9B281200E03830 /* Frameworks */,
				3C2C297C2C9B281200E03830 /* Resources */,
			);
			buildRules = (
			);
			dependencies = (
				3C2C29802C9B281200E03830 /* PBXTargetDependency */,
			);
			name = jumsoUITests;
			productName = jumsoUITests;
			productReference = 3C2C297E2C9B281200E03830 /* jumsoUITests.xctest */;
			productType = "com.apple.product-type.bundle.ui-testing";
		};
/* End PBXNativeTarget section */

/* Begin PBXProject section */
		3C2C29562C9B281000E03830 /* Project object */ = {
			isa = PBXProject;
			attributes = {
				BuildIndependentTargetsInParallel = 1;
				LastSwiftUpdateCheck = 1520;
				LastUpgradeCheck = 1520;
				TargetAttributes = {
					3C2C295D2C9B281000E03830 = {
						CreatedOnToolsVersion = 15.2;
					};
					3C2C29732C9B281200E03830 = {
						CreatedOnToolsVersion = 15.2;
						TestTargetID = 3C2C295D2C9B281000E03830;
					};
					3C2C297D2C9B281200E03830 = {
						CreatedOnToolsVersion = 15.2;
						TestTargetID = 3C2C295D2C9B281000E03830;
					};
				};
			};
			buildConfigurationList = 3C2C29592C9B281000E03830 /* Build configuration list for PBXProject "jumso" */;
			compatibilityVersion = "Xcode 14.0";
			developmentRegion = en;
			hasScannedForEncodings = 0;
			knownRegions = (
				en,
				Base,
			);
			mainGroup = 3C2C29552C9B281000E03830;
			productRefGroup = 3C2C295F2C9B281000E03830 /* Products */;
			projectDirPath = "";
			projectRoot = "";
			targets = (
				3C2C295D2C9B281000E03830 /* jumso */,
				3C2C29732C9B281200E03830 /* jumsoTests */,
				3C2C297D2C9B281200E03830 /* jumsoUITests */,
			);
		};
/* End PBXProject section */

/* Begin PBXResourcesBuildPhase section */
		3C2C295C2C9B281000E03830 /* Resources */ = {
			isa = PBXResourcesBuildPhase;
			buildActionMask = 2147483647;
			files = (
				3C2C296E2C9B281200E03830 /* LaunchScreen.storyboard in Resources */,
				3C5402072CBBED3300C95EB8 /* SignUpSelectTableViewCell.xib in Resources */,
				3C169B682CB2CE8300933AFE /* SignUpProfileTableViewCell.xib in Resources */,
				3CD83F492CA18AF50028BDC3 /* CompaniesCell.xib in Resources */,
				3CD83F532CA874A10028BDC3 /* SignUp.storyboard in Resources */,
				3C2C296B2C9B281200E03830 /* Assets.xcassets in Resources */,
				3C5401F72CBB9D2500C95EB8 /* SignUpProfileInputTableViewCell.xib in Resources */,
				3C2C29692C9B281000E03830 /* Main.storyboard in Resources */,
				3CC4A1222CAEAD0A00E92D4E /* companyMock.json in Resources */,
				3C5402012CBBDF4200C95EB8 /* SignUpSliderTableViewCell.xib in Resources */,
				3CD83F4D2CA86A4A0028BDC3 /* ProfileCell.xib in Resources */,
			);
			runOnlyForDeploymentPostprocessing = 0;
		};
		3C2C29722C9B281200E03830 /* Resources */ = {
			isa = PBXResourcesBuildPhase;
			buildActionMask = 2147483647;
			files = (
			);
			runOnlyForDeploymentPostprocessing = 0;
		};
		3C2C297C2C9B281200E03830 /* Resources */ = {
			isa = PBXResourcesBuildPhase;
			buildActionMask = 2147483647;
			files = (
			);
			runOnlyForDeploymentPostprocessing = 0;
		};
/* End PBXResourcesBuildPhase section */

/* Begin PBXShellScriptBuildPhase section */
		24EF77E0134F974B84A81098 /* [CP] Embed Pods Frameworks */ = {
			isa = PBXShellScriptBuildPhase;
			buildActionMask = 2147483647;
			files = (
			);
			inputFileListPaths = (
				"${PODS_ROOT}/Target Support Files/Pods-jumso/Pods-jumso-frameworks-${CONFIGURATION}-input-files.xcfilelist",
			);
			name = "[CP] Embed Pods Frameworks";
			outputFileListPaths = (
				"${PODS_ROOT}/Target Support Files/Pods-jumso/Pods-jumso-frameworks-${CONFIGURATION}-output-files.xcfilelist",
			);
			runOnlyForDeploymentPostprocessing = 0;
			shellPath = /bin/sh;
			shellScript = "\"${PODS_ROOT}/Target Support Files/Pods-jumso/Pods-jumso-frameworks.sh\"\n";
			showEnvVarsInLog = 0;
		};
		5E6DAAB204D1C181F0AC888C /* [CP] Check Pods Manifest.lock */ = {
			isa = PBXShellScriptBuildPhase;
			buildActionMask = 2147483647;
			files = (
			);
			inputFileListPaths = (
			);
			inputPaths = (
				"${PODS_PODFILE_DIR_PATH}/Podfile.lock",
				"${PODS_ROOT}/Manifest.lock",
			);
			name = "[CP] Check Pods Manifest.lock";
			outputFileListPaths = (
			);
			outputPaths = (
				"$(DERIVED_FILE_DIR)/Pods-jumso-checkManifestLockResult.txt",
			);
			runOnlyForDeploymentPostprocessing = 0;
			shellPath = /bin/sh;
			shellScript = "diff \"${PODS_PODFILE_DIR_PATH}/Podfile.lock\" \"${PODS_ROOT}/Manifest.lock\" > /dev/null\nif [ $? != 0 ] ; then\n    # print error to STDERR\n    echo \"error: The sandbox is not in sync with the Podfile.lock. Run 'pod install' or update your CocoaPods installation.\" >&2\n    exit 1\nfi\n# This output is used by Xcode 'outputs' to avoid re-running this script phase.\necho \"SUCCESS\" > \"${SCRIPT_OUTPUT_FILE_0}\"\n";
			showEnvVarsInLog = 0;
		};
		6E43E0BB27F80672882745EC /* [CP] Check Pods Manifest.lock */ = {
			isa = PBXShellScriptBuildPhase;
			buildActionMask = 2147483647;
			files = (
			);
			inputFileListPaths = (
			);
			inputPaths = (
				"${PODS_PODFILE_DIR_PATH}/Podfile.lock",
				"${PODS_ROOT}/Manifest.lock",
			);
			name = "[CP] Check Pods Manifest.lock";
			outputFileListPaths = (
			);
			outputPaths = (
				"$(DERIVED_FILE_DIR)/Pods-jumsoTests-checkManifestLockResult.txt",
			);
			runOnlyForDeploymentPostprocessing = 0;
			shellPath = /bin/sh;
			shellScript = "diff \"${PODS_PODFILE_DIR_PATH}/Podfile.lock\" \"${PODS_ROOT}/Manifest.lock\" > /dev/null\nif [ $? != 0 ] ; then\n    # print error to STDERR\n    echo \"error: The sandbox is not in sync with the Podfile.lock. Run 'pod install' or update your CocoaPods installation.\" >&2\n    exit 1\nfi\n# This output is used by Xcode 'outputs' to avoid re-running this script phase.\necho \"SUCCESS\" > \"${SCRIPT_OUTPUT_FILE_0}\"\n";
			showEnvVarsInLog = 0;
		};
		9E305B963CEBABB84AF7711F /* [CP] Check Pods Manifest.lock */ = {
			isa = PBXShellScriptBuildPhase;
			buildActionMask = 2147483647;
			files = (
			);
			inputFileListPaths = (
			);
			inputPaths = (
				"${PODS_PODFILE_DIR_PATH}/Podfile.lock",
				"${PODS_ROOT}/Manifest.lock",
			);
			name = "[CP] Check Pods Manifest.lock";
			outputFileListPaths = (
			);
			outputPaths = (
				"$(DERIVED_FILE_DIR)/Pods-jumsoUITests-checkManifestLockResult.txt",
			);
			runOnlyForDeploymentPostprocessing = 0;
			shellPath = /bin/sh;
			shellScript = "diff \"${PODS_PODFILE_DIR_PATH}/Podfile.lock\" \"${PODS_ROOT}/Manifest.lock\" > /dev/null\nif [ $? != 0 ] ; then\n    # print error to STDERR\n    echo \"error: The sandbox is not in sync with the Podfile.lock. Run 'pod install' or update your CocoaPods installation.\" >&2\n    exit 1\nfi\n# This output is used by Xcode 'outputs' to avoid re-running this script phase.\necho \"SUCCESS\" > \"${SCRIPT_OUTPUT_FILE_0}\"\n";
			showEnvVarsInLog = 0;
		};
/* End PBXShellScriptBuildPhase section */

/* Begin PBXSourcesBuildPhase section */
		3C2C295A2C9B281000E03830 /* Sources */ = {
			isa = PBXSourcesBuildPhase;
			buildActionMask = 2147483647;
			files = (
				3C0AE79C2CF4A598004074DB /* MainViewModel.swift in Sources */,
				3C87AE892D1C3EA7006AAA74 /* SignUpLocationView.swift in Sources */,
				3C87AE952D1C520C006AAA74 /* SignUpPreferenceView.swift in Sources */,
				3C87AE932D1C4EAD006AAA74 /* SignUpDistanceView.swift in Sources */,
				3C87AE832D11B3D9006AAA74 /* SignUpDebugLog.swift in Sources */,
				3C3BE7022CEE1B8300695D7C /* MainTabBarController.swift in Sources */,
				3C2C938F2D2BC14900E0F2EB /* LoginResponse.swift in Sources */,
				3C87AE6E2D05E1B3006AAA74 /* SignUpCompanySelectionView.swift in Sources */,
				3CD83F432CA03A010028BDC3 /* LoginViewController.swift in Sources */,
				3C87AE602CFDE3AC006AAA74 /* DetailedProfileViewModel.swift in Sources */,
				3CC4A12E2CAEC88A00E92D4E /* SelectCompanyViewModel.swift in Sources */,
				3C0AE7942CF37E2F004074DB /* ChatDetailView.swift in Sources */,
				3C5401F62CBB9D2500C95EB8 /* SignUpProfileInputTableViewCell.swift in Sources */,
				3C0AE7922CF37CAE004074DB /* ChatView.swift in Sources */,
				3C87AE722D0719DA006AAA74 /* SignUpAuthenticationCodeView.swift in Sources */,
				3C54020B2CBBF15D00C95EB8 /* SignUpCompanySelectionViewController.swift in Sources */,
				3CC4A1302CAECB2200E92D4E /* FindCompanyViewModel.swift in Sources */,
				3C87AE852D181486006AAA74 /* SignUpGenderView.swift in Sources */,
				3C54021B2CC53E6C00C95EB8 /* UIViewController+KeyboardHandling.swift in Sources */,
				3C87AE682D01C9EE006AAA74 /* MockData.swift in Sources */,
				3C87AE6A2D01D35A006AAA74 /* LoungeView.swift in Sources */,
				3CD83F512CA871F20028BDC3 /* EmailAuthenticationViewController.swift in Sources */,
				3CD83F452CA03EFB0028BDC3 /* RegisterViewController.swift in Sources */,
				3C2C29662C9B281000E03830 /* ViewController.swift in Sources */,
				3C2C93952D3002DF00E0F2EB /* RegisterViewModel.swift in Sources */,
				3C5F94BD2CA9953300E477DD /* AuthenticationCodeViewController.swift in Sources */,
				3C54020D2CC5246400C95EB8 /* SignUpBaseViewController.swift in Sources */,
				3C0AE7902CF37B2A004074DB /* SectionView.swift in Sources */,
				3C5402002CBBDF4200C95EB8 /* SignUpSliderTableViewCell.swift in Sources */,
				3C87AE702D05E69D006AAA74 /* SignUpEmailAuthenticationView.swift in Sources */,
				3C5F94C32CA9A2A400E477DD /* SignUpBirthDayViewController.swift in Sources */,
				3C5402092CBBF0AE00C95EB8 /* SignUpPropertyselectionViewController.swift in Sources */,
				3C87AE8F2D1C404A006AAA74 /* RoundedCorner.swift in Sources */,
				3C87AE622D01BCAF006AAA74 /* AuthViewModel.swift in Sources */,
				3CC4A1202CAEABD100E92D4E /* CompanyModel.swift in Sources */,
				3C0AE79A2CF49C7D004074DB /* MainView.swift in Sources */,
				3C0AE78A2CF37A43004074DB /* ProfileView.swift in Sources */,
				3C87AE642D01BD18006AAA74 /* JumsoApp.swift in Sources */,
				3C87AE7D2D119F7C006AAA74 /* RelativeButtonPositionModifier.swift in Sources */,
				3C5402032CBBE26D00C95EB8 /* SignUpPreferenceViewController.swift in Sources */,
				3C5401FD2CBBDB6E00C95EB8 /* SignUpIntroductionViewController.swift in Sources */,
				3C87AE792D117488006AAA74 /* KeyboardManager.swift in Sources */,
				3C5402162CC53A0C00C95EB8 /* SignUpAppearance.swift in Sources */,
				3C0AE78E2CF37B00004074DB /* ProfileRow.swift in Sources */,
				3C5402062CBBED3300C95EB8 /* SignUpSelectTableViewCell.swift in Sources */,
				3C87AE662D01C452006AAA74 /* UIApplication+Extensions.swift in Sources */,
				3CD83F482CA18AF50028BDC3 /* CompaniesCell.swift in Sources */,
				3C87AE5C2CF603A6006AAA74 /* DetailedProfileView.swift in Sources */,
				3C87AE912D1C474E006AAA74 /* LocationManager.swift in Sources */,
				3C0AE7962CF380B6004074DB /* ChatListViewModel.swift in Sources */,
				3C0AE7982CF380DA004074DB /* ChatDetailViewModel.swift in Sources */,
				3C87AE8D2D1C402C006AAA74 /* ProfileSection.swift in Sources */,
				3C169B5E2CB2C51300933AFE /* SignUpGenderViewController.swift in Sources */,
				3C2C29622C9B281000E03830 /* AppDelegate.swift in Sources */,
				3C169B632CB2CA5F00933AFE /* SignUpProfileViewController.swift in Sources */,
				3C2C93912D2BC26F00E0F2EB /* LoginRequest.swift in Sources */,
				3C87AE8B2D1C3FF3006AAA74 /* SignUpHeaderView.swift in Sources */,
				3C2C29642C9B281000E03830 /* SceneDelegate.swift in Sources */,
				3C87AE872D181CBC006AAA74 /* SignUpProfileView.swift in Sources */,
				3C5F94BF2CA99B1C00E477DD /* SignUpPasswordViewController.swift in Sources */,
				3C87AE7F2D11A7F2006AAA74 /* SignUpNameView.swift in Sources */,
				3C3BE70A2CEE21EC00695D7C /* LoungeViewController.swift in Sources */,
				3C5401FB2CBBA89500C95EB8 /* SignUpLocationViewController.swift in Sources */,
				3C87AE772D117441006AAA74 /* SignUpReusableButton.swift in Sources */,
				3C0FECE92D22D3CA003166C0 /* SignUpIntroductionView.swift in Sources */,
				3C169B602CB2C7FD00933AFE /* SignUpDistanceViewController.swift in Sources */,
				3C87AE6C2D05E02C006AAA74 /* SignUpRegisterView.swift in Sources */,
				3C3BE7062CEE21C100695D7C /* ChatViewController.swift in Sources */,
				3C0AE78C2CF37A78004074DB /* RangeSlider.swift in Sources */,
				3C5F94C12CA99CB400E477DD /* SignUpNameViewController.swift in Sources */,
				3C2C93932D2BC7C000E0F2EB /* AFEventLogger.swift in Sources */,
				3C87AE7B2D118796006AAA74 /* SignUpPasswordView.swift in Sources */,
				3C3BE7042CEE21AE00695D7C /* HomeViewController.swift in Sources */,
				3C169B672CB2CE8300933AFE /* SignUpProfileTableViewCell.swift in Sources */,
				3C87AE812D11AC3D006AAA74 /* SignUpBirthDayView.swift in Sources */,
				3C3BE7082CEE21C900695D7C /* ProfileViewController.swift in Sources */,
				3C3BE7112CEE2D3000695D7C /* KeychainManager.swift in Sources */,
				3C5402192CC53BA300C95EB8 /* SignUpKeyboardManager.swift in Sources */,
				3CD83F4C2CA86A4A0028BDC3 /* ProfileCell.swift in Sources */,
			);
			runOnlyForDeploymentPostprocessing = 0;
		};
		3C2C29702C9B281200E03830 /* Sources */ = {
			isa = PBXSourcesBuildPhase;
			buildActionMask = 2147483647;
			files = (
				3C2C29792C9B281200E03830 /* jumsoTests.swift in Sources */,
			);
			runOnlyForDeploymentPostprocessing = 0;
		};
		3C2C297A2C9B281200E03830 /* Sources */ = {
			isa = PBXSourcesBuildPhase;
			buildActionMask = 2147483647;
			files = (
				3C2C29832C9B281200E03830 /* jumsoUITests.swift in Sources */,
				3C2C29852C9B281200E03830 /* jumsoUITestsLaunchTests.swift in Sources */,
			);
			runOnlyForDeploymentPostprocessing = 0;
		};
/* End PBXSourcesBuildPhase section */

/* Begin PBXTargetDependency section */
		3C2C29762C9B281200E03830 /* PBXTargetDependency */ = {
			isa = PBXTargetDependency;
			target = 3C2C295D2C9B281000E03830 /* jumso */;
			targetProxy = 3C2C29752C9B281200E03830 /* PBXContainerItemProxy */;
		};
		3C2C29802C9B281200E03830 /* PBXTargetDependency */ = {
			isa = PBXTargetDependency;
			target = 3C2C295D2C9B281000E03830 /* jumso */;
			targetProxy = 3C2C297F2C9B281200E03830 /* PBXContainerItemProxy */;
		};
/* End PBXTargetDependency section */

/* Begin PBXVariantGroup section */
		3C2C29672C9B281000E03830 /* Main.storyboard */ = {
			isa = PBXVariantGroup;
			children = (
				3C2C29682C9B281000E03830 /* Base */,
			);
			name = Main.storyboard;
			sourceTree = "<group>";
		};
		3C2C296C2C9B281200E03830 /* LaunchScreen.storyboard */ = {
			isa = PBXVariantGroup;
			children = (
				3C2C296D2C9B281200E03830 /* Base */,
			);
			name = LaunchScreen.storyboard;
			sourceTree = "<group>";
		};
/* End PBXVariantGroup section */

/* Begin XCBuildConfiguration section */
		3C2C29862C9B281200E03830 /* Debug */ = {
			isa = XCBuildConfiguration;
			buildSettings = {
				ALWAYS_SEARCH_USER_PATHS = NO;
				ASSETCATALOG_COMPILER_GENERATE_SWIFT_ASSET_SYMBOL_EXTENSIONS = YES;
				CLANG_ANALYZER_NONNULL = YES;
				CLANG_ANALYZER_NUMBER_OBJECT_CONVERSION = YES_AGGRESSIVE;
				CLANG_CXX_LANGUAGE_STANDARD = "gnu++20";
				CLANG_ENABLE_MODULES = YES;
				CLANG_ENABLE_OBJC_ARC = YES;
				CLANG_ENABLE_OBJC_WEAK = YES;
				CLANG_WARN_BLOCK_CAPTURE_AUTORELEASING = YES;
				CLANG_WARN_BOOL_CONVERSION = YES;
				CLANG_WARN_COMMA = YES;
				CLANG_WARN_CONSTANT_CONVERSION = YES;
				CLANG_WARN_DEPRECATED_OBJC_IMPLEMENTATIONS = YES;
				CLANG_WARN_DIRECT_OBJC_ISA_USAGE = YES_ERROR;
				CLANG_WARN_DOCUMENTATION_COMMENTS = YES;
				CLANG_WARN_EMPTY_BODY = YES;
				CLANG_WARN_ENUM_CONVERSION = YES;
				CLANG_WARN_INFINITE_RECURSION = YES;
				CLANG_WARN_INT_CONVERSION = YES;
				CLANG_WARN_NON_LITERAL_NULL_CONVERSION = YES;
				CLANG_WARN_OBJC_IMPLICIT_RETAIN_SELF = YES;
				CLANG_WARN_OBJC_LITERAL_CONVERSION = YES;
				CLANG_WARN_OBJC_ROOT_CLASS = YES_ERROR;
				CLANG_WARN_QUOTED_INCLUDE_IN_FRAMEWORK_HEADER = YES;
				CLANG_WARN_RANGE_LOOP_ANALYSIS = YES;
				CLANG_WARN_STRICT_PROTOTYPES = YES;
				CLANG_WARN_SUSPICIOUS_MOVE = YES;
				CLANG_WARN_UNGUARDED_AVAILABILITY = YES_AGGRESSIVE;
				CLANG_WARN_UNREACHABLE_CODE = YES;
				CLANG_WARN__DUPLICATE_METHOD_MATCH = YES;
				COPY_PHASE_STRIP = NO;
				DEBUG_INFORMATION_FORMAT = dwarf;
				ENABLE_STRICT_OBJC_MSGSEND = YES;
				ENABLE_TESTABILITY = YES;
				ENABLE_USER_SCRIPT_SANDBOXING = YES;
				GCC_C_LANGUAGE_STANDARD = gnu17;
				GCC_DYNAMIC_NO_PIC = NO;
				GCC_NO_COMMON_BLOCKS = YES;
				GCC_OPTIMIZATION_LEVEL = 0;
				GCC_PREPROCESSOR_DEFINITIONS = (
					"DEBUG=1",
					"$(inherited)",
				);
				GCC_WARN_64_TO_32_BIT_CONVERSION = YES;
				GCC_WARN_ABOUT_RETURN_TYPE = YES_ERROR;
				GCC_WARN_UNDECLARED_SELECTOR = YES;
				GCC_WARN_UNINITIALIZED_AUTOS = YES_AGGRESSIVE;
				GCC_WARN_UNUSED_FUNCTION = YES;
				GCC_WARN_UNUSED_VARIABLE = YES;
				IPHONEOS_DEPLOYMENT_TARGET = 16.4;
				LOCALIZATION_PREFERS_STRING_CATALOGS = YES;
				MTL_ENABLE_DEBUG_INFO = INCLUDE_SOURCE;
				MTL_FAST_MATH = YES;
				ONLY_ACTIVE_ARCH = YES;
				SDKROOT = iphoneos;
				SWIFT_ACTIVE_COMPILATION_CONDITIONS = "DEBUG $(inherited)";
				SWIFT_OPTIMIZATION_LEVEL = "-Onone";
			};
			name = Debug;
		};
		3C2C29872C9B281200E03830 /* Release */ = {
			isa = XCBuildConfiguration;
			buildSettings = {
				ALWAYS_SEARCH_USER_PATHS = NO;
				ASSETCATALOG_COMPILER_GENERATE_SWIFT_ASSET_SYMBOL_EXTENSIONS = YES;
				CLANG_ANALYZER_NONNULL = YES;
				CLANG_ANALYZER_NUMBER_OBJECT_CONVERSION = YES_AGGRESSIVE;
				CLANG_CXX_LANGUAGE_STANDARD = "gnu++20";
				CLANG_ENABLE_MODULES = YES;
				CLANG_ENABLE_OBJC_ARC = YES;
				CLANG_ENABLE_OBJC_WEAK = YES;
				CLANG_WARN_BLOCK_CAPTURE_AUTORELEASING = YES;
				CLANG_WARN_BOOL_CONVERSION = YES;
				CLANG_WARN_COMMA = YES;
				CLANG_WARN_CONSTANT_CONVERSION = YES;
				CLANG_WARN_DEPRECATED_OBJC_IMPLEMENTATIONS = YES;
				CLANG_WARN_DIRECT_OBJC_ISA_USAGE = YES_ERROR;
				CLANG_WARN_DOCUMENTATION_COMMENTS = YES;
				CLANG_WARN_EMPTY_BODY = YES;
				CLANG_WARN_ENUM_CONVERSION = YES;
				CLANG_WARN_INFINITE_RECURSION = YES;
				CLANG_WARN_INT_CONVERSION = YES;
				CLANG_WARN_NON_LITERAL_NULL_CONVERSION = YES;
				CLANG_WARN_OBJC_IMPLICIT_RETAIN_SELF = YES;
				CLANG_WARN_OBJC_LITERAL_CONVERSION = YES;
				CLANG_WARN_OBJC_ROOT_CLASS = YES_ERROR;
				CLANG_WARN_QUOTED_INCLUDE_IN_FRAMEWORK_HEADER = YES;
				CLANG_WARN_RANGE_LOOP_ANALYSIS = YES;
				CLANG_WARN_STRICT_PROTOTYPES = YES;
				CLANG_WARN_SUSPICIOUS_MOVE = YES;
				CLANG_WARN_UNGUARDED_AVAILABILITY = YES_AGGRESSIVE;
				CLANG_WARN_UNREACHABLE_CODE = YES;
				CLANG_WARN__DUPLICATE_METHOD_MATCH = YES;
				COPY_PHASE_STRIP = NO;
				DEBUG_INFORMATION_FORMAT = "dwarf-with-dsym";
				ENABLE_NS_ASSERTIONS = NO;
				ENABLE_STRICT_OBJC_MSGSEND = YES;
				ENABLE_USER_SCRIPT_SANDBOXING = YES;
				GCC_C_LANGUAGE_STANDARD = gnu17;
				GCC_NO_COMMON_BLOCKS = YES;
				GCC_WARN_64_TO_32_BIT_CONVERSION = YES;
				GCC_WARN_ABOUT_RETURN_TYPE = YES_ERROR;
				GCC_WARN_UNDECLARED_SELECTOR = YES;
				GCC_WARN_UNINITIALIZED_AUTOS = YES_AGGRESSIVE;
				GCC_WARN_UNUSED_FUNCTION = YES;
				GCC_WARN_UNUSED_VARIABLE = YES;
				IPHONEOS_DEPLOYMENT_TARGET = 16.4;
				LOCALIZATION_PREFERS_STRING_CATALOGS = YES;
				MTL_ENABLE_DEBUG_INFO = NO;
				MTL_FAST_MATH = YES;
				SDKROOT = iphoneos;
				SWIFT_COMPILATION_MODE = wholemodule;
				VALIDATE_PRODUCT = YES;
			};
			name = Release;
		};
		3C2C29892C9B281200E03830 /* Debug */ = {
			isa = XCBuildConfiguration;
			baseConfigurationReference = 43393196F6772C7A51D5C6D4 /* Pods-jumso.debug.xcconfig */;
			buildSettings = {
				ASSETCATALOG_COMPILER_APPICON_NAME = AppIcon;
				ASSETCATALOG_COMPILER_GLOBAL_ACCENT_COLOR_NAME = AccentColor;
				CODE_SIGN_STYLE = Automatic;
				CURRENT_PROJECT_VERSION = 1;
				DEVELOPMENT_TEAM = RX2DUS3488;
				ENABLE_USER_SCRIPT_SANDBOXING = NO;
				FRAMEWORK_SEARCH_PATHS = (
					"$(inherited)/**",
					"$(PODS_CONFIGURATION_BUILD_DIR)/Alamofire/**",
				);
				GENERATE_INFOPLIST_FILE = YES;
				INFOPLIST_FILE = jumso/Info.plist;
				INFOPLIST_KEY_NSLocationAlwaysUsageDescription = "사용자 위치 권한을 허용하시겠습니까?";
				INFOPLIST_KEY_NSLocationWhenInUseUsageDescription = "앱 사용 중에 현재 위치를 사용합니다";
				INFOPLIST_KEY_UIApplicationSupportsIndirectInputEvents = YES;
				INFOPLIST_KEY_UILaunchStoryboardName = LaunchScreen;
				INFOPLIST_KEY_UIMainStoryboardFile = Main;
				INFOPLIST_KEY_UISupportedInterfaceOrientations_iPad = "UIInterfaceOrientationPortrait UIInterfaceOrientationPortraitUpsideDown UIInterfaceOrientationLandscapeLeft UIInterfaceOrientationLandscapeRight";
				INFOPLIST_KEY_UISupportedInterfaceOrientations_iPhone = "UIInterfaceOrientationPortrait UIInterfaceOrientationLandscapeLeft UIInterfaceOrientationLandscapeRight";
				IPHONEOS_DEPLOYMENT_TARGET = 16.4;
				LD_RUNPATH_SEARCH_PATHS = (
					"$(inherited)",
					"@executable_path/Frameworks",
				);
				MARKETING_VERSION = 1.0;
				NEW_SETTING = "";
				OTHER_LDFLAGS = (
					"$(inherited)",
					"-framework",
					"\"Alamofire\"",
					"-framework",
					"\"CFNetwork\"",
					"-objC",
				);
				PRODUCT_BUNDLE_IDENTIFIER = com.jumsoD;
				PRODUCT_NAME = "$(TARGET_NAME)";
				SWIFT_EMIT_LOC_STRINGS = YES;
				SWIFT_VERSION = 5.0;
				TARGETED_DEVICE_FAMILY = "1,2";
			};
			name = Debug;
		};
		3C2C298A2C9B281200E03830 /* Release */ = {
			isa = XCBuildConfiguration;
			baseConfigurationReference = 9B7C0BBC48B302172F11DEB7 /* Pods-jumso.release.xcconfig */;
			buildSettings = {
				ASSETCATALOG_COMPILER_APPICON_NAME = AppIcon;
				ASSETCATALOG_COMPILER_GLOBAL_ACCENT_COLOR_NAME = AccentColor;
				CODE_SIGN_STYLE = Automatic;
				CURRENT_PROJECT_VERSION = 1;
				DEVELOPMENT_TEAM = RX2DUS3488;
				ENABLE_USER_SCRIPT_SANDBOXING = NO;
				FRAMEWORK_SEARCH_PATHS = (
					"$(inherited)/**",
					"$(PODS_CONFIGURATION_BUILD_DIR)/Alamofire/**",
				);
				GENERATE_INFOPLIST_FILE = YES;
				INFOPLIST_FILE = jumso/Info.plist;
				INFOPLIST_KEY_NSLocationAlwaysUsageDescription = "사용자 위치 권한을 허용하시겠습니까?";
				INFOPLIST_KEY_NSLocationWhenInUseUsageDescription = "앱 사용 중에 현재 위치를 사용합니다";
				INFOPLIST_KEY_UIApplicationSupportsIndirectInputEvents = YES;
				INFOPLIST_KEY_UILaunchStoryboardName = LaunchScreen;
				INFOPLIST_KEY_UIMainStoryboardFile = Main;
				INFOPLIST_KEY_UISupportedInterfaceOrientations_iPad = "UIInterfaceOrientationPortrait UIInterfaceOrientationPortraitUpsideDown UIInterfaceOrientationLandscapeLeft UIInterfaceOrientationLandscapeRight";
				INFOPLIST_KEY_UISupportedInterfaceOrientations_iPhone = "UIInterfaceOrientationPortrait UIInterfaceOrientationLandscapeLeft UIInterfaceOrientationLandscapeRight";
				IPHONEOS_DEPLOYMENT_TARGET = 16.4;
				LD_RUNPATH_SEARCH_PATHS = (
					"$(inherited)",
					"@executable_path/Frameworks",
				);
				MARKETING_VERSION = 1.0;
				NEW_SETTING = "";
				ONLY_ACTIVE_ARCH = NO;
				OTHER_LDFLAGS = (
					"$(inherited)",
					"-framework",
					"\"Alamofire\"",
					"-framework",
					"\"CFNetwork\"",
					"-objC",
				);
				PRODUCT_BUNDLE_IDENTIFIER = com.jumsoD;
				PRODUCT_NAME = "$(TARGET_NAME)";
				SWIFT_EMIT_LOC_STRINGS = YES;
				SWIFT_VERSION = 5.0;
				TARGETED_DEVICE_FAMILY = "1,2";
			};
			name = Release;
		};
		3C2C298C2C9B281200E03830 /* Debug */ = {
			isa = XCBuildConfiguration;
			baseConfigurationReference = BE5A10679EB4ECBE7B26B48A /* Pods-jumsoTests.debug.xcconfig */;
			buildSettings = {
				ALWAYS_EMBED_SWIFT_STANDARD_LIBRARIES = YES;
				BUNDLE_LOADER = "$(TEST_HOST)";
				CODE_SIGN_STYLE = Automatic;
				CURRENT_PROJECT_VERSION = 1;
				GENERATE_INFOPLIST_FILE = YES;
				IPHONEOS_DEPLOYMENT_TARGET = 16.4;
				MARKETING_VERSION = 1.0;
				PRODUCT_BUNDLE_IDENTIFIER = com.jumsoTests;
				PRODUCT_NAME = "$(TARGET_NAME)";
				SWIFT_EMIT_LOC_STRINGS = NO;
				SWIFT_VERSION = 5.0;
				TARGETED_DEVICE_FAMILY = "1,2";
				TEST_HOST = "$(BUILT_PRODUCTS_DIR)/jumso.app/$(BUNDLE_EXECUTABLE_FOLDER_PATH)/jumso";
			};
			name = Debug;
		};
		3C2C298D2C9B281200E03830 /* Release */ = {
			isa = XCBuildConfiguration;
			baseConfigurationReference = EF015CF4ABB8DF8F252BBFC0 /* Pods-jumsoTests.release.xcconfig */;
			buildSettings = {
				ALWAYS_EMBED_SWIFT_STANDARD_LIBRARIES = YES;
				BUNDLE_LOADER = "$(TEST_HOST)";
				CODE_SIGN_STYLE = Automatic;
				CURRENT_PROJECT_VERSION = 1;
				GENERATE_INFOPLIST_FILE = YES;
				IPHONEOS_DEPLOYMENT_TARGET = 16.4;
				MARKETING_VERSION = 1.0;
				PRODUCT_BUNDLE_IDENTIFIER = com.jumsoTests;
				PRODUCT_NAME = "$(TARGET_NAME)";
				SWIFT_EMIT_LOC_STRINGS = NO;
				SWIFT_VERSION = 5.0;
				TARGETED_DEVICE_FAMILY = "1,2";
				TEST_HOST = "$(BUILT_PRODUCTS_DIR)/jumso.app/$(BUNDLE_EXECUTABLE_FOLDER_PATH)/jumso";
			};
			name = Release;
		};
		3C2C298F2C9B281200E03830 /* Debug */ = {
			isa = XCBuildConfiguration;
			baseConfigurationReference = 67BDFBC566D133BA53050CCE /* Pods-jumsoUITests.debug.xcconfig */;
			buildSettings = {
				ALWAYS_EMBED_SWIFT_STANDARD_LIBRARIES = YES;
				CODE_SIGN_STYLE = Automatic;
				CURRENT_PROJECT_VERSION = 1;
				GENERATE_INFOPLIST_FILE = YES;
				MARKETING_VERSION = 1.0;
				PRODUCT_BUNDLE_IDENTIFIER = com.jumsoUITests;
				PRODUCT_NAME = "$(TARGET_NAME)";
				SWIFT_EMIT_LOC_STRINGS = NO;
				SWIFT_VERSION = 5.0;
				TARGETED_DEVICE_FAMILY = "1,2";
				TEST_TARGET_NAME = jumso;
			};
			name = Debug;
		};
		3C2C29902C9B281200E03830 /* Release */ = {
			isa = XCBuildConfiguration;
			baseConfigurationReference = CCD7ABB34A2FE21FAF84D5AF /* Pods-jumsoUITests.release.xcconfig */;
			buildSettings = {
				ALWAYS_EMBED_SWIFT_STANDARD_LIBRARIES = YES;
				CODE_SIGN_STYLE = Automatic;
				CURRENT_PROJECT_VERSION = 1;
				GENERATE_INFOPLIST_FILE = YES;
				MARKETING_VERSION = 1.0;
				PRODUCT_BUNDLE_IDENTIFIER = com.jumsoUITests;
				PRODUCT_NAME = "$(TARGET_NAME)";
				SWIFT_EMIT_LOC_STRINGS = NO;
				SWIFT_VERSION = 5.0;
				TARGETED_DEVICE_FAMILY = "1,2";
				TEST_TARGET_NAME = jumso;
			};
			name = Release;
		};
/* End XCBuildConfiguration section */

/* Begin XCConfigurationList section */
		3C2C29592C9B281000E03830 /* Build configuration list for PBXProject "jumso" */ = {
			isa = XCConfigurationList;
			buildConfigurations = (
				3C2C29862C9B281200E03830 /* Debug */,
				3C2C29872C9B281200E03830 /* Release */,
			);
			defaultConfigurationIsVisible = 0;
			defaultConfigurationName = Release;
		};
		3C2C29882C9B281200E03830 /* Build configuration list for PBXNativeTarget "jumso" */ = {
			isa = XCConfigurationList;
			buildConfigurations = (
				3C2C29892C9B281200E03830 /* Debug */,
				3C2C298A2C9B281200E03830 /* Release */,
			);
			defaultConfigurationIsVisible = 0;
			defaultConfigurationName = Release;
		};
		3C2C298B2C9B281200E03830 /* Build configuration list for PBXNativeTarget "jumsoTests" */ = {
			isa = XCConfigurationList;
			buildConfigurations = (
				3C2C298C2C9B281200E03830 /* Debug */,
				3C2C298D2C9B281200E03830 /* Release */,
			);
			defaultConfigurationIsVisible = 0;
			defaultConfigurationName = Release;
		};
		3C2C298E2C9B281200E03830 /* Build configuration list for PBXNativeTarget "jumsoUITests" */ = {
			isa = XCConfigurationList;
			buildConfigurations = (
				3C2C298F2C9B281200E03830 /* Debug */,
				3C2C29902C9B281200E03830 /* Release */,
			);
			defaultConfigurationIsVisible = 0;
			defaultConfigurationName = Release;
		};
/* End XCConfigurationList section */
	};
	rootObject = 3C2C29562C9B281000E03830 /* Project object */;
}
